// !$*UTF8*$!
{
	archiveVersion = 1;
	classes = {
	};
	objectVersion = 50;
	objects = {

/* Begin PBXBuildFile section */
		BF01A311265939F3007EDE45 /* UserInputData.swift in Sources */ = {isa = PBXBuildFile; fileRef = BF01A310265939F3007EDE45 /* UserInputData.swift */; };
		BF01A31326593CAC007EDE45 /* SearchTextInvalidReason.swift in Sources */ = {isa = PBXBuildFile; fileRef = BF01A31226593CAC007EDE45 /* SearchTextInvalidReason.swift */; };
		BF01A31526593E4F007EDE45 /* GeneralError.swift in Sources */ = {isa = PBXBuildFile; fileRef = BF01A31426593E4F007EDE45 /* GeneralError.swift */; };
		BF01A31726595968007EDE45 /* SearchTextInvalidReason.swift in Sources */ = {isa = PBXBuildFile; fileRef = BF01A31226593CAC007EDE45 /* SearchTextInvalidReason.swift */; };
		BF01A31826595968007EDE45 /* GeneralError.swift in Sources */ = {isa = PBXBuildFile; fileRef = BF01A31426593E4F007EDE45 /* GeneralError.swift */; };
		BF01A31926595968007EDE45 /* AsyncState.swift in Sources */ = {isa = PBXBuildFile; fileRef = BF930F6626593727005F2934 /* AsyncState.swift */; };
		BF01A31A26595968007EDE45 /* UserInputData.swift in Sources */ = {isa = PBXBuildFile; fileRef = BF01A310265939F3007EDE45 /* UserInputData.swift */; };
		BF01A32126595D36007EDE45 /* AppRepository.swift in Sources */ = {isa = PBXBuildFile; fileRef = BF01A32026595D36007EDE45 /* AppRepository.swift */; };
		BF01A32226595D36007EDE45 /* AppRepository.swift in Sources */ = {isa = PBXBuildFile; fileRef = BF01A32026595D36007EDE45 /* AppRepository.swift */; };
		BF01A32426595DE9007EDE45 /* ImageSearchingDispatcher.swift in Sources */ = {isa = PBXBuildFile; fileRef = BF01A32326595DE9007EDE45 /* ImageSearchingDispatcher.swift */; };
		BF01A32526595DE9007EDE45 /* ImageSearchingDispatcher.swift in Sources */ = {isa = PBXBuildFile; fileRef = BF01A32326595DE9007EDE45 /* ImageSearchingDispatcher.swift */; };
		BF01A32826595EC3007EDE45 /* SearchTextInput.swift in Sources */ = {isa = PBXBuildFile; fileRef = BF01A32726595EC3007EDE45 /* SearchTextInput.swift */; };
		BF01A32926595EC3007EDE45 /* SearchTextInput.swift in Sources */ = {isa = PBXBuildFile; fileRef = BF01A32726595EC3007EDE45 /* SearchTextInput.swift */; };
		BF01A32C2659613B007EDE45 /* CataasAPIClient.swift in Sources */ = {isa = PBXBuildFile; fileRef = BF01A32B2659613B007EDE45 /* CataasAPIClient.swift */; };
		BF01A32D2659613B007EDE45 /* CataasAPIClient.swift in Sources */ = {isa = PBXBuildFile; fileRef = BF01A32B2659613B007EDE45 /* CataasAPIClient.swift */; };
		BF01A32F26596BDC007EDE45 /* CataasJSONResponse.swift in Sources */ = {isa = PBXBuildFile; fileRef = BF01A32E26596BDC007EDE45 /* CataasJSONResponse.swift */; };
		BF01A33026596BDC007EDE45 /* CataasJSONResponse.swift in Sources */ = {isa = PBXBuildFile; fileRef = BF01A32E26596BDC007EDE45 /* CataasJSONResponse.swift */; };
		BF01A33226596D46007EDE45 /* CatImage.swift in Sources */ = {isa = PBXBuildFile; fileRef = BF01A33126596D46007EDE45 /* CatImage.swift */; };
		BF01A33326596D46007EDE45 /* CatImage.swift in Sources */ = {isa = PBXBuildFile; fileRef = BF01A33126596D46007EDE45 /* CatImage.swift */; };
		BF01A33A26598009007EDE45 /* AnyCancellable+.swift in Sources */ = {isa = PBXBuildFile; fileRef = BF01A33926598009007EDE45 /* AnyCancellable+.swift */; };
		BF01A33B26598009007EDE45 /* AnyCancellable+.swift in Sources */ = {isa = PBXBuildFile; fileRef = BF01A33926598009007EDE45 /* AnyCancellable+.swift */; };
		BF01A33D265980A1007EDE45 /* Publisher+.swift in Sources */ = {isa = PBXBuildFile; fileRef = BF01A33C265980A1007EDE45 /* Publisher+.swift */; };
		BF01A33E265980A1007EDE45 /* Publisher+.swift in Sources */ = {isa = PBXBuildFile; fileRef = BF01A33C265980A1007EDE45 /* Publisher+.swift */; };
		BF01A348265A91F0007EDE45 /* CatImageSearchTextReducer.swift in Sources */ = {isa = PBXBuildFile; fileRef = BF01A345265A912D007EDE45 /* CatImageSearchTextReducer.swift */; };
		BF01A349265A91F0007EDE45 /* CatImageSearchTextReducer.swift in Sources */ = {isa = PBXBuildFile; fileRef = BF01A345265A912D007EDE45 /* CatImageSearchTextReducer.swift */; };
		BF01A34E265AB2F1007EDE45 /* UserDefaultsDatabase.swift in Sources */ = {isa = PBXBuildFile; fileRef = BF01A34D265AB2F1007EDE45 /* UserDefaultsDatabase.swift */; };
		BF01A34F265AB2F1007EDE45 /* UserDefaultsDatabase.swift in Sources */ = {isa = PBXBuildFile; fileRef = BF01A34D265AB2F1007EDE45 /* UserDefaultsDatabase.swift */; };
		BF01A354265AB627007EDE45 /* DataSaveLoadError.swift in Sources */ = {isa = PBXBuildFile; fileRef = BF01A353265AB627007EDE45 /* DataSaveLoadError.swift */; };
		BF01A355265AB627007EDE45 /* DataSaveLoadError.swift in Sources */ = {isa = PBXBuildFile; fileRef = BF01A353265AB627007EDE45 /* DataSaveLoadError.swift */; };
		BF065B2B25E0FAFA0053E8B8 /* Tests_iOS.swift in Sources */ = {isa = PBXBuildFile; fileRef = BF065B2A25E0FAFA0053E8B8 /* Tests_iOS.swift */; };
		BF065B3625E0FAFA0053E8B8 /* Tests_macOS.swift in Sources */ = {isa = PBXBuildFile; fileRef = BF065B3525E0FAFA0053E8B8 /* Tests_macOS.swift */; };
		BF065B3825E0FAFA0053E8B8 /* ViDRep_SampleApp.swift in Sources */ = {isa = PBXBuildFile; fileRef = BF065B0F25E0FAF70053E8B8 /* ViDRep_SampleApp.swift */; };
		BF065B3925E0FAFA0053E8B8 /* ViDRep_SampleApp.swift in Sources */ = {isa = PBXBuildFile; fileRef = BF065B0F25E0FAF70053E8B8 /* ViDRep_SampleApp.swift */; };
		BF065B3C25E0FAFA0053E8B8 /* Assets.xcassets in Resources */ = {isa = PBXBuildFile; fileRef = BF065B1125E0FAFA0053E8B8 /* Assets.xcassets */; };
		BF065B3D25E0FAFA0053E8B8 /* Assets.xcassets in Resources */ = {isa = PBXBuildFile; fileRef = BF065B1125E0FAFA0053E8B8 /* Assets.xcassets */; };
		BF065B6725E0FBD10053E8B8 /* Repository.swift in Sources */ = {isa = PBXBuildFile; fileRef = BF065B6625E0FBD10053E8B8 /* Repository.swift */; };
		BF065B7825E0FC5D0053E8B8 /* Repository.swift in Sources */ = {isa = PBXBuildFile; fileRef = BF065B6625E0FBD10053E8B8 /* Repository.swift */; };
		BF065B8325E0FCF70053E8B8 /* VocabularyDispatcher.swift in Sources */ = {isa = PBXBuildFile; fileRef = BF065B8225E0FCF70053E8B8 /* VocabularyDispatcher.swift */; };
		BF065B8C25E0FCFA0053E8B8 /* VocabularyDispatcher.swift in Sources */ = {isa = PBXBuildFile; fileRef = BF065B8225E0FCF70053E8B8 /* VocabularyDispatcher.swift */; };
		BF065B9325E0FD5F0053E8B8 /* VocabularyReducer.swift in Sources */ = {isa = PBXBuildFile; fileRef = BF065B9225E0FD5F0053E8B8 /* VocabularyReducer.swift */; };
		BF065B9425E0FD5F0053E8B8 /* VocabularyReducer.swift in Sources */ = {isa = PBXBuildFile; fileRef = BF065B9225E0FD5F0053E8B8 /* VocabularyReducer.swift */; };
		BF065B9F25E0FDBD0053E8B8 /* String.swift in Sources */ = {isa = PBXBuildFile; fileRef = BF065B9E25E0FDBD0053E8B8 /* String.swift */; };
		BF065BA025E0FDBD0053E8B8 /* String.swift in Sources */ = {isa = PBXBuildFile; fileRef = BF065B9E25E0FDBD0053E8B8 /* String.swift */; };
		BF065BAE25E0FDF60053E8B8 /* HomeView.swift in Sources */ = {isa = PBXBuildFile; fileRef = BF065BAD25E0FDF60053E8B8 /* HomeView.swift */; };
		BF065BAF25E0FDF60053E8B8 /* HomeView.swift in Sources */ = {isa = PBXBuildFile; fileRef = BF065BAD25E0FDF60053E8B8 /* HomeView.swift */; };
		BF1E37EC25E1049B0061E2AA /* VocabularyReducerTests.swift in Sources */ = {isa = PBXBuildFile; fileRef = BF1E377425E1029A0061E2AA /* VocabularyReducerTests.swift */; };
		BF1E382A25E104F50061E2AA /* VocabularyReducerTests.swift in Sources */ = {isa = PBXBuildFile; fileRef = BF1E377425E1029A0061E2AA /* VocabularyReducerTests.swift */; };
		BF1E384B25E105850061E2AA /* VocabularyDispatcherTests.swift in Sources */ = {isa = PBXBuildFile; fileRef = BF1E383D25E105420061E2AA /* VocabularyDispatcherTests.swift */; };
		BF1E385225E105850061E2AA /* VocabularyDispatcherTests.swift in Sources */ = {isa = PBXBuildFile; fileRef = BF1E383D25E105420061E2AA /* VocabularyDispatcherTests.swift */; };
		BF381B50265BFD4A00D5484B /* ImageSavingDispatcher.swift in Sources */ = {isa = PBXBuildFile; fileRef = BF381B4F265BFD4A00D5484B /* ImageSavingDispatcher.swift */; };
		BF381B51265BFD4A00D5484B /* ImageSavingDispatcher.swift in Sources */ = {isa = PBXBuildFile; fileRef = BF381B4F265BFD4A00D5484B /* ImageSavingDispatcher.swift */; };
		BF381B53265C019200D5484B /* SavedImageList.swift in Sources */ = {isa = PBXBuildFile; fileRef = BF381B52265C019200D5484B /* SavedImageList.swift */; };
		BF381B54265C019200D5484B /* SavedImageList.swift in Sources */ = {isa = PBXBuildFile; fileRef = BF381B52265C019200D5484B /* SavedImageList.swift */; };
		BF381B56265C1A4000D5484B /* ImageData.swift in Sources */ = {isa = PBXBuildFile; fileRef = BF381B55265C1A4000D5484B /* ImageData.swift */; };
		BF381B57265C1A4100D5484B /* ImageData.swift in Sources */ = {isa = PBXBuildFile; fileRef = BF381B55265C1A4000D5484B /* ImageData.swift */; };
		BF5A34E5265D4E27008866BB /* ImageFillGrid.swift in Sources */ = {isa = PBXBuildFile; fileRef = BF5A34E4265D4E27008866BB /* ImageFillGrid.swift */; };
		BF5A34E6265D61BB008866BB /* ImageFillGrid.swift in Sources */ = {isa = PBXBuildFile; fileRef = BF5A34E4265D4E27008866BB /* ImageFillGrid.swift */; };
		BF930F6726593727005F2934 /* AsyncState.swift in Sources */ = {isa = PBXBuildFile; fileRef = BF930F6626593727005F2934 /* AsyncState.swift */; };
/* End PBXBuildFile section */

/* Begin PBXContainerItemProxy section */
		BF065B2725E0FAFA0053E8B8 /* PBXContainerItemProxy */ = {
			isa = PBXContainerItemProxy;
			containerPortal = BF065B0A25E0FAF70053E8B8 /* Project object */;
			proxyType = 1;
			remoteGlobalIDString = BF065B1525E0FAFA0053E8B8;
			remoteInfo = "ViDRep-Sample (iOS)";
		};
		BF065B3225E0FAFA0053E8B8 /* PBXContainerItemProxy */ = {
			isa = PBXContainerItemProxy;
			containerPortal = BF065B0A25E0FAF70053E8B8 /* Project object */;
			proxyType = 1;
			remoteGlobalIDString = BF065B1D25E0FAFA0053E8B8;
			remoteInfo = "ViDRep-Sample (macOS)";
		};
		BF1E37E225E1048B0061E2AA /* PBXContainerItemProxy */ = {
			isa = PBXContainerItemProxy;
			containerPortal = BF065B0A25E0FAF70053E8B8 /* Project object */;
			proxyType = 1;
			remoteGlobalIDString = BF065B1525E0FAFA0053E8B8;
			remoteInfo = "ViDRep-Sample (iOS)";
		};
		BF1E381925E104DC0061E2AA /* PBXContainerItemProxy */ = {
			isa = PBXContainerItemProxy;
			containerPortal = BF065B0A25E0FAF70053E8B8 /* Project object */;
			proxyType = 1;
			remoteGlobalIDString = BF065B1D25E0FAFA0053E8B8;
			remoteInfo = "ViDRep-Sample (macOS)";
		};
/* End PBXContainerItemProxy section */

/* Begin PBXFileReference section */
		BF01A310265939F3007EDE45 /* UserInputData.swift */ = {isa = PBXFileReference; lastKnownFileType = sourcecode.swift; path = UserInputData.swift; sourceTree = "<group>"; };
		BF01A31226593CAC007EDE45 /* SearchTextInvalidReason.swift */ = {isa = PBXFileReference; lastKnownFileType = sourcecode.swift; path = SearchTextInvalidReason.swift; sourceTree = "<group>"; };
		BF01A31426593E4F007EDE45 /* GeneralError.swift */ = {isa = PBXFileReference; lastKnownFileType = sourcecode.swift; path = GeneralError.swift; sourceTree = "<group>"; };
		BF01A32026595D36007EDE45 /* AppRepository.swift */ = {isa = PBXFileReference; lastKnownFileType = sourcecode.swift; path = AppRepository.swift; sourceTree = "<group>"; };
		BF01A32326595DE9007EDE45 /* ImageSearchingDispatcher.swift */ = {isa = PBXFileReference; lastKnownFileType = sourcecode.swift; path = ImageSearchingDispatcher.swift; sourceTree = "<group>"; };
		BF01A32726595EC3007EDE45 /* SearchTextInput.swift */ = {isa = PBXFileReference; lastKnownFileType = sourcecode.swift; path = SearchTextInput.swift; sourceTree = "<group>"; };
		BF01A32B2659613B007EDE45 /* CataasAPIClient.swift */ = {isa = PBXFileReference; lastKnownFileType = sourcecode.swift; path = CataasAPIClient.swift; sourceTree = "<group>"; };
		BF01A32E26596BDC007EDE45 /* CataasJSONResponse.swift */ = {isa = PBXFileReference; lastKnownFileType = sourcecode.swift; path = CataasJSONResponse.swift; sourceTree = "<group>"; };
		BF01A33126596D46007EDE45 /* CatImage.swift */ = {isa = PBXFileReference; lastKnownFileType = sourcecode.swift; path = CatImage.swift; sourceTree = "<group>"; };
		BF01A33926598009007EDE45 /* AnyCancellable+.swift */ = {isa = PBXFileReference; lastKnownFileType = sourcecode.swift; path = "AnyCancellable+.swift"; sourceTree = "<group>"; };
		BF01A33C265980A1007EDE45 /* Publisher+.swift */ = {isa = PBXFileReference; lastKnownFileType = sourcecode.swift; path = "Publisher+.swift"; sourceTree = "<group>"; };
		BF01A345265A912D007EDE45 /* CatImageSearchTextReducer.swift */ = {isa = PBXFileReference; lastKnownFileType = sourcecode.swift; path = CatImageSearchTextReducer.swift; sourceTree = "<group>"; };
		BF01A34D265AB2F1007EDE45 /* UserDefaultsDatabase.swift */ = {isa = PBXFileReference; lastKnownFileType = sourcecode.swift; path = UserDefaultsDatabase.swift; sourceTree = "<group>"; };
		BF01A353265AB627007EDE45 /* DataSaveLoadError.swift */ = {isa = PBXFileReference; lastKnownFileType = sourcecode.swift; path = DataSaveLoadError.swift; sourceTree = "<group>"; };
		BF065B0F25E0FAF70053E8B8 /* ViDRep_SampleApp.swift */ = {isa = PBXFileReference; lastKnownFileType = sourcecode.swift; path = ViDRep_SampleApp.swift; sourceTree = "<group>"; };
		BF065B1125E0FAFA0053E8B8 /* Assets.xcassets */ = {isa = PBXFileReference; lastKnownFileType = folder.assetcatalog; path = Assets.xcassets; sourceTree = "<group>"; };
		BF065B1625E0FAFA0053E8B8 /* ViDRep-Sample.app */ = {isa = PBXFileReference; explicitFileType = wrapper.application; includeInIndex = 0; path = "ViDRep-Sample.app"; sourceTree = BUILT_PRODUCTS_DIR; };
		BF065B1925E0FAFA0053E8B8 /* Info.plist */ = {isa = PBXFileReference; lastKnownFileType = text.plist.xml; path = Info.plist; sourceTree = "<group>"; };
		BF065B1E25E0FAFA0053E8B8 /* ViDRep-Sample.app */ = {isa = PBXFileReference; explicitFileType = wrapper.application; includeInIndex = 0; path = "ViDRep-Sample.app"; sourceTree = BUILT_PRODUCTS_DIR; };
		BF065B2025E0FAFA0053E8B8 /* Info.plist */ = {isa = PBXFileReference; lastKnownFileType = text.plist.xml; path = Info.plist; sourceTree = "<group>"; };
		BF065B2125E0FAFA0053E8B8 /* macOS.entitlements */ = {isa = PBXFileReference; lastKnownFileType = text.plist.entitlements; path = macOS.entitlements; sourceTree = "<group>"; };
		BF065B2625E0FAFA0053E8B8 /* Tests iOS.xctest */ = {isa = PBXFileReference; explicitFileType = wrapper.cfbundle; includeInIndex = 0; path = "Tests iOS.xctest"; sourceTree = BUILT_PRODUCTS_DIR; };
		BF065B2A25E0FAFA0053E8B8 /* Tests_iOS.swift */ = {isa = PBXFileReference; lastKnownFileType = sourcecode.swift; path = Tests_iOS.swift; sourceTree = "<group>"; };
		BF065B2C25E0FAFA0053E8B8 /* Info.plist */ = {isa = PBXFileReference; lastKnownFileType = text.plist.xml; path = Info.plist; sourceTree = "<group>"; };
		BF065B3125E0FAFA0053E8B8 /* Tests macOS.xctest */ = {isa = PBXFileReference; explicitFileType = wrapper.cfbundle; includeInIndex = 0; path = "Tests macOS.xctest"; sourceTree = BUILT_PRODUCTS_DIR; };
		BF065B3525E0FAFA0053E8B8 /* Tests_macOS.swift */ = {isa = PBXFileReference; lastKnownFileType = sourcecode.swift; path = Tests_macOS.swift; sourceTree = "<group>"; };
		BF065B3725E0FAFA0053E8B8 /* Info.plist */ = {isa = PBXFileReference; lastKnownFileType = text.plist.xml; path = Info.plist; sourceTree = "<group>"; };
		BF065B6625E0FBD10053E8B8 /* Repository.swift */ = {isa = PBXFileReference; lastKnownFileType = sourcecode.swift; path = Repository.swift; sourceTree = "<group>"; };
		BF065B8225E0FCF70053E8B8 /* VocabularyDispatcher.swift */ = {isa = PBXFileReference; lastKnownFileType = sourcecode.swift; path = VocabularyDispatcher.swift; sourceTree = "<group>"; };
		BF065B9225E0FD5F0053E8B8 /* VocabularyReducer.swift */ = {isa = PBXFileReference; lastKnownFileType = sourcecode.swift; path = VocabularyReducer.swift; sourceTree = "<group>"; };
		BF065B9E25E0FDBD0053E8B8 /* String.swift */ = {isa = PBXFileReference; lastKnownFileType = sourcecode.swift; path = String.swift; sourceTree = "<group>"; };
		BF065BAD25E0FDF60053E8B8 /* HomeView.swift */ = {isa = PBXFileReference; lastKnownFileType = sourcecode.swift; path = HomeView.swift; sourceTree = "<group>"; };
		BF1E377425E1029A0061E2AA /* VocabularyReducerTests.swift */ = {isa = PBXFileReference; lastKnownFileType = sourcecode.swift; path = VocabularyReducerTests.swift; sourceTree = "<group>"; };
		BF1E37DD25E1048B0061E2AA /* UnitTests iOS.xctest */ = {isa = PBXFileReference; explicitFileType = wrapper.cfbundle; includeInIndex = 0; path = "UnitTests iOS.xctest"; sourceTree = BUILT_PRODUCTS_DIR; };
		BF1E37E125E1048B0061E2AA /* Info.plist */ = {isa = PBXFileReference; lastKnownFileType = text.plist.xml; path = Info.plist; sourceTree = "<group>"; };
		BF1E381425E104DB0061E2AA /* UnitTests macOS.xctest */ = {isa = PBXFileReference; explicitFileType = wrapper.cfbundle; includeInIndex = 0; path = "UnitTests macOS.xctest"; sourceTree = BUILT_PRODUCTS_DIR; };
		BF1E381825E104DC0061E2AA /* Info.plist */ = {isa = PBXFileReference; lastKnownFileType = text.plist.xml; path = Info.plist; sourceTree = "<group>"; };
		BF1E383D25E105420061E2AA /* VocabularyDispatcherTests.swift */ = {isa = PBXFileReference; lastKnownFileType = sourcecode.swift; path = VocabularyDispatcherTests.swift; sourceTree = "<group>"; };
		BF381B4F265BFD4A00D5484B /* ImageSavingDispatcher.swift */ = {isa = PBXFileReference; lastKnownFileType = sourcecode.swift; path = ImageSavingDispatcher.swift; sourceTree = "<group>"; };
		BF381B52265C019200D5484B /* SavedImageList.swift */ = {isa = PBXFileReference; lastKnownFileType = sourcecode.swift; path = SavedImageList.swift; sourceTree = "<group>"; };
		BF381B55265C1A4000D5484B /* ImageData.swift */ = {isa = PBXFileReference; lastKnownFileType = sourcecode.swift; path = ImageData.swift; sourceTree = "<group>"; };
		BF5A34E4265D4E27008866BB /* ImageFillGrid.swift */ = {isa = PBXFileReference; lastKnownFileType = sourcecode.swift; path = ImageFillGrid.swift; sourceTree = "<group>"; };
		BF930F6626593727005F2934 /* AsyncState.swift */ = {isa = PBXFileReference; lastKnownFileType = sourcecode.swift; path = AsyncState.swift; sourceTree = "<group>"; };
/* End PBXFileReference section */

/* Begin PBXFrameworksBuildPhase section */
		BF065B1325E0FAFA0053E8B8 /* Frameworks */ = {
			isa = PBXFrameworksBuildPhase;
			buildActionMask = 2147483647;
			files = (
			);
			runOnlyForDeploymentPostprocessing = 0;
		};
		BF065B1B25E0FAFA0053E8B8 /* Frameworks */ = {
			isa = PBXFrameworksBuildPhase;
			buildActionMask = 2147483647;
			files = (
			);
			runOnlyForDeploymentPostprocessing = 0;
		};
		BF065B2325E0FAFA0053E8B8 /* Frameworks */ = {
			isa = PBXFrameworksBuildPhase;
			buildActionMask = 2147483647;
			files = (
			);
			runOnlyForDeploymentPostprocessing = 0;
		};
		BF065B2E25E0FAFA0053E8B8 /* Frameworks */ = {
			isa = PBXFrameworksBuildPhase;
			buildActionMask = 2147483647;
			files = (
			);
			runOnlyForDeploymentPostprocessing = 0;
		};
		BF1E37DA25E1048B0061E2AA /* Frameworks */ = {
			isa = PBXFrameworksBuildPhase;
			buildActionMask = 2147483647;
			files = (
			);
			runOnlyForDeploymentPostprocessing = 0;
		};
		BF1E381125E104DB0061E2AA /* Frameworks */ = {
			isa = PBXFrameworksBuildPhase;
			buildActionMask = 2147483647;
			files = (
			);
			runOnlyForDeploymentPostprocessing = 0;
		};
/* End PBXFrameworksBuildPhase section */

/* Begin PBXGroup section */
		BF01A31F26595D29007EDE45 /* Repositories */ = {
			isa = PBXGroup;
			children = (
				BF01A32026595D36007EDE45 /* AppRepository.swift */,
			);
			path = Repositories;
			sourceTree = "<group>";
		};
		BF01A32626595EB0007EDE45 /* Typealiases */ = {
			isa = PBXGroup;
			children = (
				BF01A32726595EC3007EDE45 /* SearchTextInput.swift */,
				BF381B55265C1A4000D5484B /* ImageData.swift */,
			);
			path = Typealiases;
			sourceTree = "<group>";
		};
		BF01A32A2659606B007EDE45 /* Infrastructures */ = {
			isa = PBXGroup;
			children = (
				BF01A32B2659613B007EDE45 /* CataasAPIClient.swift */,
				BF01A32E26596BDC007EDE45 /* CataasJSONResponse.swift */,
				BF01A34D265AB2F1007EDE45 /* UserDefaultsDatabase.swift */,
			);
			path = Infrastructures;
			sourceTree = "<group>";
		};
		BF065B0925E0FAF70053E8B8 = {
			isa = PBXGroup;
			children = (
				BF065B0E25E0FAF70053E8B8 /* Shared */,
				BF065B1825E0FAFA0053E8B8 /* iOS */,
				BF065B1F25E0FAFA0053E8B8 /* macOS */,
				BF065B2925E0FAFA0053E8B8 /* Tests iOS */,
				BF065B3425E0FAFA0053E8B8 /* Tests macOS */,
				BF1E378825E103D90061E2AA /* UnitTests Shared */,
				BF1E37DE25E1048B0061E2AA /* UnitTests iOS */,
				BF1E381525E104DC0061E2AA /* UnitTests macOS */,
				BF065B1725E0FAFA0053E8B8 /* Products */,
			);
			sourceTree = "<group>";
		};
		BF065B0E25E0FAF70053E8B8 /* Shared */ = {
			isa = PBXGroup;
			children = (
				BF065B0F25E0FAF70053E8B8 /* ViDRep_SampleApp.swift */,
				BF065B5425E0FB490053E8B8 /* Source */,
				BF065B1125E0FAFA0053E8B8 /* Assets.xcassets */,
			);
			path = Shared;
			sourceTree = "<group>";
		};
		BF065B1725E0FAFA0053E8B8 /* Products */ = {
			isa = PBXGroup;
			children = (
				BF065B1625E0FAFA0053E8B8 /* ViDRep-Sample.app */,
				BF065B1E25E0FAFA0053E8B8 /* ViDRep-Sample.app */,
				BF065B2625E0FAFA0053E8B8 /* Tests iOS.xctest */,
				BF065B3125E0FAFA0053E8B8 /* Tests macOS.xctest */,
				BF1E37DD25E1048B0061E2AA /* UnitTests iOS.xctest */,
				BF1E381425E104DB0061E2AA /* UnitTests macOS.xctest */,
			);
			name = Products;
			sourceTree = "<group>";
		};
		BF065B1825E0FAFA0053E8B8 /* iOS */ = {
			isa = PBXGroup;
			children = (
				BF065B1925E0FAFA0053E8B8 /* Info.plist */,
			);
			path = iOS;
			sourceTree = "<group>";
		};
		BF065B1F25E0FAFA0053E8B8 /* macOS */ = {
			isa = PBXGroup;
			children = (
				BF065B2025E0FAFA0053E8B8 /* Info.plist */,
				BF065B2125E0FAFA0053E8B8 /* macOS.entitlements */,
			);
			path = macOS;
			sourceTree = "<group>";
		};
		BF065B2925E0FAFA0053E8B8 /* Tests iOS */ = {
			isa = PBXGroup;
			children = (
				BF065B2A25E0FAFA0053E8B8 /* Tests_iOS.swift */,
				BF065B2C25E0FAFA0053E8B8 /* Info.plist */,
			);
			path = "Tests iOS";
			sourceTree = "<group>";
		};
		BF065B3425E0FAFA0053E8B8 /* Tests macOS */ = {
			isa = PBXGroup;
			children = (
				BF065B3525E0FAFA0053E8B8 /* Tests_macOS.swift */,
				BF065B3725E0FAFA0053E8B8 /* Info.plist */,
			);
			path = "Tests macOS";
			sourceTree = "<group>";
		};
		BF065B5425E0FB490053E8B8 /* Source */ = {
			isa = PBXGroup;
			children = (
				BF01A32A2659606B007EDE45 /* Infrastructures */,
				BF065B9D25E0FDB00053E8B8 /* Extensions */,
				BF065B5725E0FB6B0053E8B8 /* Models */,
				BF065B5625E0FB640053E8B8 /* Controllers */,
				BF065B5525E0FB5D0053E8B8 /* Views */,
			);
			path = Source;
			sourceTree = "<group>";
		};
		BF065B5525E0FB5D0053E8B8 /* Views */ = {
			isa = PBXGroup;
			children = (
				BF5A34E3265D4DF0008866BB /* Components */,
				BF065BAD25E0FDF60053E8B8 /* HomeView.swift */,
			);
			path = Views;
			sourceTree = "<group>";
		};
		BF065B5625E0FB640053E8B8 /* Controllers */ = {
			isa = PBXGroup;
			children = (
				BF065B8125E0FCE40053E8B8 /* Dispatchers */,
				BF065B9125E0FD370053E8B8 /* Reducers */,
			);
			path = Controllers;
			sourceTree = "<group>";
		};
		BF065B5725E0FB6B0053E8B8 /* Models */ = {
			isa = PBXGroup;
			children = (
				BF01A32626595EB0007EDE45 /* Typealiases */,
				BF01A31F26595D29007EDE45 /* Repositories */,
				BF930F652659370D005F2934 /* Data */,
				BF065B6625E0FBD10053E8B8 /* Repository.swift */,
			);
			path = Models;
			sourceTree = "<group>";
		};
		BF065B8125E0FCE40053E8B8 /* Dispatchers */ = {
			isa = PBXGroup;
			children = (
				BF065B8225E0FCF70053E8B8 /* VocabularyDispatcher.swift */,
				BF01A32326595DE9007EDE45 /* ImageSearchingDispatcher.swift */,
				BF381B4F265BFD4A00D5484B /* ImageSavingDispatcher.swift */,
			);
			path = Dispatchers;
			sourceTree = "<group>";
		};
		BF065B9125E0FD370053E8B8 /* Reducers */ = {
			isa = PBXGroup;
			children = (
				BF065B9225E0FD5F0053E8B8 /* VocabularyReducer.swift */,
				BF01A345265A912D007EDE45 /* CatImageSearchTextReducer.swift */,
			);
			path = Reducers;
			sourceTree = "<group>";
		};
		BF065B9D25E0FDB00053E8B8 /* Extensions */ = {
			isa = PBXGroup;
			children = (
				BF065B9E25E0FDBD0053E8B8 /* String.swift */,
				BF01A33926598009007EDE45 /* AnyCancellable+.swift */,
				BF01A33C265980A1007EDE45 /* Publisher+.swift */,
			);
			path = Extensions;
			sourceTree = "<group>";
		};
		BF1E378825E103D90061E2AA /* UnitTests Shared */ = {
			isa = PBXGroup;
			children = (
				BF1E377425E1029A0061E2AA /* VocabularyReducerTests.swift */,
				BF1E383D25E105420061E2AA /* VocabularyDispatcherTests.swift */,
			);
			path = "UnitTests Shared";
			sourceTree = "<group>";
		};
		BF1E37DE25E1048B0061E2AA /* UnitTests iOS */ = {
			isa = PBXGroup;
			children = (
				BF1E37E125E1048B0061E2AA /* Info.plist */,
			);
			path = "UnitTests iOS";
			sourceTree = "<group>";
		};
		BF1E381525E104DC0061E2AA /* UnitTests macOS */ = {
			isa = PBXGroup;
			children = (
				BF1E381825E104DC0061E2AA /* Info.plist */,
			);
			path = "UnitTests macOS";
			sourceTree = "<group>";
		};
		BF5A34E3265D4DF0008866BB /* Components */ = {
			isa = PBXGroup;
			children = (
				BF5A34E4265D4E27008866BB /* ImageFillGrid.swift */,
			);
			path = Components;
			sourceTree = "<group>";
		};
		BF930F652659370D005F2934 /* Data */ = {
			isa = PBXGroup;
			children = (
				BF930F6626593727005F2934 /* AsyncState.swift */,
				BF01A310265939F3007EDE45 /* UserInputData.swift */,
				BF01A31226593CAC007EDE45 /* SearchTextInvalidReason.swift */,
				BF01A31426593E4F007EDE45 /* GeneralError.swift */,
				BF01A33126596D46007EDE45 /* CatImage.swift */,
				BF381B52265C019200D5484B /* SavedImageList.swift */,
				BF01A353265AB627007EDE45 /* DataSaveLoadError.swift */,
			);
			path = Data;
			sourceTree = "<group>";
		};
/* End PBXGroup section */

/* Begin PBXNativeTarget section */
		BF065B1525E0FAFA0053E8B8 /* ViDRep-Sample (iOS) */ = {
			isa = PBXNativeTarget;
			buildConfigurationList = BF065B4025E0FAFA0053E8B8 /* Build configuration list for PBXNativeTarget "ViDRep-Sample (iOS)" */;
			buildPhases = (
				BF065B1225E0FAFA0053E8B8 /* Sources */,
				BF065B1325E0FAFA0053E8B8 /* Frameworks */,
				BF065B1425E0FAFA0053E8B8 /* Resources */,
			);
			buildRules = (
			);
			dependencies = (
			);
			name = "ViDRep-Sample (iOS)";
			productName = "ViDRep-Sample (iOS)";
			productReference = BF065B1625E0FAFA0053E8B8 /* ViDRep-Sample.app */;
			productType = "com.apple.product-type.application";
		};
		BF065B1D25E0FAFA0053E8B8 /* ViDRep-Sample (macOS) */ = {
			isa = PBXNativeTarget;
			buildConfigurationList = BF065B4325E0FAFA0053E8B8 /* Build configuration list for PBXNativeTarget "ViDRep-Sample (macOS)" */;
			buildPhases = (
				BF065B1A25E0FAFA0053E8B8 /* Sources */,
				BF065B1B25E0FAFA0053E8B8 /* Frameworks */,
				BF065B1C25E0FAFA0053E8B8 /* Resources */,
			);
			buildRules = (
			);
			dependencies = (
			);
			name = "ViDRep-Sample (macOS)";
			productName = "ViDRep-Sample (macOS)";
			productReference = BF065B1E25E0FAFA0053E8B8 /* ViDRep-Sample.app */;
			productType = "com.apple.product-type.application";
		};
		BF065B2525E0FAFA0053E8B8 /* Tests iOS */ = {
			isa = PBXNativeTarget;
			buildConfigurationList = BF065B4625E0FAFA0053E8B8 /* Build configuration list for PBXNativeTarget "Tests iOS" */;
			buildPhases = (
				BF065B2225E0FAFA0053E8B8 /* Sources */,
				BF065B2325E0FAFA0053E8B8 /* Frameworks */,
				BF065B2425E0FAFA0053E8B8 /* Resources */,
			);
			buildRules = (
			);
			dependencies = (
				BF065B2825E0FAFA0053E8B8 /* PBXTargetDependency */,
			);
			name = "Tests iOS";
			productName = "Tests iOS";
			productReference = BF065B2625E0FAFA0053E8B8 /* Tests iOS.xctest */;
			productType = "com.apple.product-type.bundle.ui-testing";
		};
		BF065B3025E0FAFA0053E8B8 /* Tests macOS */ = {
			isa = PBXNativeTarget;
			buildConfigurationList = BF065B4925E0FAFA0053E8B8 /* Build configuration list for PBXNativeTarget "Tests macOS" */;
			buildPhases = (
				BF065B2D25E0FAFA0053E8B8 /* Sources */,
				BF065B2E25E0FAFA0053E8B8 /* Frameworks */,
				BF065B2F25E0FAFA0053E8B8 /* Resources */,
			);
			buildRules = (
			);
			dependencies = (
				BF065B3325E0FAFA0053E8B8 /* PBXTargetDependency */,
			);
			name = "Tests macOS";
			productName = "Tests macOS";
			productReference = BF065B3125E0FAFA0053E8B8 /* Tests macOS.xctest */;
			productType = "com.apple.product-type.bundle.ui-testing";
		};
		BF1E37DC25E1048B0061E2AA /* UnitTests iOS */ = {
			isa = PBXNativeTarget;
			buildConfigurationList = BF1E37E425E1048B0061E2AA /* Build configuration list for PBXNativeTarget "UnitTests iOS" */;
			buildPhases = (
				BF1E37D925E1048B0061E2AA /* Sources */,
				BF1E37DA25E1048B0061E2AA /* Frameworks */,
				BF1E37DB25E1048B0061E2AA /* Resources */,
			);
			buildRules = (
			);
			dependencies = (
				BF1E37E325E1048B0061E2AA /* PBXTargetDependency */,
			);
			name = "UnitTests iOS";
			productName = "UnitTests iOS";
			productReference = BF1E37DD25E1048B0061E2AA /* UnitTests iOS.xctest */;
			productType = "com.apple.product-type.bundle.unit-test";
		};
		BF1E381325E104DB0061E2AA /* UnitTests macOS */ = {
			isa = PBXNativeTarget;
			buildConfigurationList = BF1E381B25E104DC0061E2AA /* Build configuration list for PBXNativeTarget "UnitTests macOS" */;
			buildPhases = (
				BF1E381025E104DB0061E2AA /* Sources */,
				BF1E381125E104DB0061E2AA /* Frameworks */,
				BF1E381225E104DB0061E2AA /* Resources */,
			);
			buildRules = (
			);
			dependencies = (
				BF1E381A25E104DC0061E2AA /* PBXTargetDependency */,
			);
			name = "UnitTests macOS";
			productName = "UnitTests macOS";
			productReference = BF1E381425E104DB0061E2AA /* UnitTests macOS.xctest */;
			productType = "com.apple.product-type.bundle.unit-test";
		};
/* End PBXNativeTarget section */

/* Begin PBXProject section */
		BF065B0A25E0FAF70053E8B8 /* Project object */ = {
			isa = PBXProject;
			attributes = {
				LastSwiftUpdateCheck = 1240;
				LastUpgradeCheck = 1240;
				TargetAttributes = {
					BF065B1525E0FAFA0053E8B8 = {
						CreatedOnToolsVersion = 12.4;
					};
					BF065B1D25E0FAFA0053E8B8 = {
						CreatedOnToolsVersion = 12.4;
					};
					BF065B2525E0FAFA0053E8B8 = {
						CreatedOnToolsVersion = 12.4;
						TestTargetID = BF065B1525E0FAFA0053E8B8;
					};
					BF065B3025E0FAFA0053E8B8 = {
						CreatedOnToolsVersion = 12.4;
						TestTargetID = BF065B1D25E0FAFA0053E8B8;
					};
					BF1E37DC25E1048B0061E2AA = {
						CreatedOnToolsVersion = 12.4;
						TestTargetID = BF065B1525E0FAFA0053E8B8;
					};
					BF1E381325E104DB0061E2AA = {
						CreatedOnToolsVersion = 12.4;
						TestTargetID = BF065B1D25E0FAFA0053E8B8;
					};
				};
			};
			buildConfigurationList = BF065B0D25E0FAF70053E8B8 /* Build configuration list for PBXProject "ViDRep-Sample" */;
			compatibilityVersion = "Xcode 9.3";
			developmentRegion = en;
			hasScannedForEncodings = 0;
			knownRegions = (
				en,
				Base,
			);
			mainGroup = BF065B0925E0FAF70053E8B8;
			productRefGroup = BF065B1725E0FAFA0053E8B8 /* Products */;
			projectDirPath = "";
			projectRoot = "";
			targets = (
				BF065B1525E0FAFA0053E8B8 /* ViDRep-Sample (iOS) */,
				BF065B1D25E0FAFA0053E8B8 /* ViDRep-Sample (macOS) */,
				BF065B2525E0FAFA0053E8B8 /* Tests iOS */,
				BF065B3025E0FAFA0053E8B8 /* Tests macOS */,
				BF1E37DC25E1048B0061E2AA /* UnitTests iOS */,
				BF1E381325E104DB0061E2AA /* UnitTests macOS */,
			);
		};
/* End PBXProject section */

/* Begin PBXResourcesBuildPhase section */
		BF065B1425E0FAFA0053E8B8 /* Resources */ = {
			isa = PBXResourcesBuildPhase;
			buildActionMask = 2147483647;
			files = (
				BF065B3C25E0FAFA0053E8B8 /* Assets.xcassets in Resources */,
			);
			runOnlyForDeploymentPostprocessing = 0;
		};
		BF065B1C25E0FAFA0053E8B8 /* Resources */ = {
			isa = PBXResourcesBuildPhase;
			buildActionMask = 2147483647;
			files = (
				BF065B3D25E0FAFA0053E8B8 /* Assets.xcassets in Resources */,
			);
			runOnlyForDeploymentPostprocessing = 0;
		};
		BF065B2425E0FAFA0053E8B8 /* Resources */ = {
			isa = PBXResourcesBuildPhase;
			buildActionMask = 2147483647;
			files = (
			);
			runOnlyForDeploymentPostprocessing = 0;
		};
		BF065B2F25E0FAFA0053E8B8 /* Resources */ = {
			isa = PBXResourcesBuildPhase;
			buildActionMask = 2147483647;
			files = (
			);
			runOnlyForDeploymentPostprocessing = 0;
		};
		BF1E37DB25E1048B0061E2AA /* Resources */ = {
			isa = PBXResourcesBuildPhase;
			buildActionMask = 2147483647;
			files = (
			);
			runOnlyForDeploymentPostprocessing = 0;
		};
		BF1E381225E104DB0061E2AA /* Resources */ = {
			isa = PBXResourcesBuildPhase;
			buildActionMask = 2147483647;
			files = (
			);
			runOnlyForDeploymentPostprocessing = 0;
		};
/* End PBXResourcesBuildPhase section */

/* Begin PBXSourcesBuildPhase section */
		BF065B1225E0FAFA0053E8B8 /* Sources */ = {
			isa = PBXSourcesBuildPhase;
			buildActionMask = 2147483647;
			files = (
				BF01A33D265980A1007EDE45 /* Publisher+.swift in Sources */,
				BF065B9325E0FD5F0053E8B8 /* VocabularyReducer.swift in Sources */,
				BF065BAE25E0FDF60053E8B8 /* HomeView.swift in Sources */,
				BF930F6726593727005F2934 /* AsyncState.swift in Sources */,
				BF01A32426595DE9007EDE45 /* ImageSearchingDispatcher.swift in Sources */,
				BF01A311265939F3007EDE45 /* UserInputData.swift in Sources */,
				BF381B53265C019200D5484B /* SavedImageList.swift in Sources */,
				BF01A33226596D46007EDE45 /* CatImage.swift in Sources */,
				BF065B8325E0FCF70053E8B8 /* VocabularyDispatcher.swift in Sources */,
				BF01A32C2659613B007EDE45 /* CataasAPIClient.swift in Sources */,
				BF01A354265AB627007EDE45 /* DataSaveLoadError.swift in Sources */,
				BF01A32126595D36007EDE45 /* AppRepository.swift in Sources */,
				BF01A34E265AB2F1007EDE45 /* UserDefaultsDatabase.swift in Sources */,
				BF065B3825E0FAFA0053E8B8 /* ViDRep_SampleApp.swift in Sources */,
				BF065B9F25E0FDBD0053E8B8 /* String.swift in Sources */,
				BF01A31526593E4F007EDE45 /* GeneralError.swift in Sources */,
				BF01A31326593CAC007EDE45 /* SearchTextInvalidReason.swift in Sources */,
				BF01A32826595EC3007EDE45 /* SearchTextInput.swift in Sources */,
				BF381B50265BFD4A00D5484B /* ImageSavingDispatcher.swift in Sources */,
				BF01A348265A91F0007EDE45 /* CatImageSearchTextReducer.swift in Sources */,
				BF01A33A26598009007EDE45 /* AnyCancellable+.swift in Sources */,
				BF065B6725E0FBD10053E8B8 /* Repository.swift in Sources */,
				BF01A32F26596BDC007EDE45 /* CataasJSONResponse.swift in Sources */,
				BF5A34E5265D4E27008866BB /* ImageFillGrid.swift in Sources */,
				BF381B56265C1A4000D5484B /* ImageData.swift in Sources */,
			);
			runOnlyForDeploymentPostprocessing = 0;
		};
		BF065B1A25E0FAFA0053E8B8 /* Sources */ = {
			isa = PBXSourcesBuildPhase;
			buildActionMask = 2147483647;
			files = (
				BF01A33E265980A1007EDE45 /* Publisher+.swift in Sources */,
				BF01A31926595968007EDE45 /* AsyncState.swift in Sources */,
				BF065B9425E0FD5F0053E8B8 /* VocabularyReducer.swift in Sources */,
				BF065BAF25E0FDF60053E8B8 /* HomeView.swift in Sources */,
				BF01A32526595DE9007EDE45 /* ImageSearchingDispatcher.swift in Sources */,
				BF01A31726595968007EDE45 /* SearchTextInvalidReason.swift in Sources */,
				BF381B54265C019200D5484B /* SavedImageList.swift in Sources */,
				BF01A33326596D46007EDE45 /* CatImage.swift in Sources */,
				BF065B8C25E0FCFA0053E8B8 /* VocabularyDispatcher.swift in Sources */,
				BF44370D26569EBE00485F40 /* SearchView.swift in Sources */,
				BF01A32D2659613B007EDE45 /* CataasAPIClient.swift in Sources */,
				BF01A355265AB627007EDE45 /* DataSaveLoadError.swift in Sources */,
				BF01A32226595D36007EDE45 /* AppRepository.swift in Sources */,
				BF01A34F265AB2F1007EDE45 /* UserDefaultsDatabase.swift in Sources */,
				BF065B3925E0FAFA0053E8B8 /* ViDRep_SampleApp.swift in Sources */,
				BF01A31A26595968007EDE45 /* UserInputData.swift in Sources */,
				BF065BA025E0FDBD0053E8B8 /* String.swift in Sources */,
				BF065B7825E0FC5D0053E8B8 /* Repository.swift in Sources */,
				BF01A32926595EC3007EDE45 /* SearchTextInput.swift in Sources */,
				BF381B51265BFD4A00D5484B /* ImageSavingDispatcher.swift in Sources */,
				BF01A349265A91F0007EDE45 /* CatImageSearchTextReducer.swift in Sources */,
				BF01A33B26598009007EDE45 /* AnyCancellable+.swift in Sources */,
				BF01A31826595968007EDE45 /* GeneralError.swift in Sources */,
				BF01A33026596BDC007EDE45 /* CataasJSONResponse.swift in Sources */,
				BF5A34E6265D61BB008866BB /* ImageFillGrid.swift in Sources */,
				BF381B57265C1A4100D5484B /* ImageData.swift in Sources */,
			);
			runOnlyForDeploymentPostprocessing = 0;
		};
		BF065B2225E0FAFA0053E8B8 /* Sources */ = {
			isa = PBXSourcesBuildPhase;
			buildActionMask = 2147483647;
			files = (
				BF065B2B25E0FAFA0053E8B8 /* Tests_iOS.swift in Sources */,
			);
			runOnlyForDeploymentPostprocessing = 0;
		};
		BF065B2D25E0FAFA0053E8B8 /* Sources */ = {
			isa = PBXSourcesBuildPhase;
			buildActionMask = 2147483647;
			files = (
				BF065B3625E0FAFA0053E8B8 /* Tests_macOS.swift in Sources */,
			);
			runOnlyForDeploymentPostprocessing = 0;
		};
		BF1E37D925E1048B0061E2AA /* Sources */ = {
			isa = PBXSourcesBuildPhase;
			buildActionMask = 2147483647;
			files = (
				BF1E384B25E105850061E2AA /* VocabularyDispatcherTests.swift in Sources */,
				BF1E37EC25E1049B0061E2AA /* VocabularyReducerTests.swift in Sources */,
			);
			runOnlyForDeploymentPostprocessing = 0;
		};
		BF1E381025E104DB0061E2AA /* Sources */ = {
			isa = PBXSourcesBuildPhase;
			buildActionMask = 2147483647;
			files = (
				BF1E385225E105850061E2AA /* VocabularyDispatcherTests.swift in Sources */,
				BF1E382A25E104F50061E2AA /* VocabularyReducerTests.swift in Sources */,
			);
			runOnlyForDeploymentPostprocessing = 0;
		};
/* End PBXSourcesBuildPhase section */

/* Begin PBXTargetDependency section */
		BF065B2825E0FAFA0053E8B8 /* PBXTargetDependency */ = {
			isa = PBXTargetDependency;
			target = BF065B1525E0FAFA0053E8B8 /* ViDRep-Sample (iOS) */;
			targetProxy = BF065B2725E0FAFA0053E8B8 /* PBXContainerItemProxy */;
		};
		BF065B3325E0FAFA0053E8B8 /* PBXTargetDependency */ = {
			isa = PBXTargetDependency;
			target = BF065B1D25E0FAFA0053E8B8 /* ViDRep-Sample (macOS) */;
			targetProxy = BF065B3225E0FAFA0053E8B8 /* PBXContainerItemProxy */;
		};
		BF1E37E325E1048B0061E2AA /* PBXTargetDependency */ = {
			isa = PBXTargetDependency;
			target = BF065B1525E0FAFA0053E8B8 /* ViDRep-Sample (iOS) */;
			targetProxy = BF1E37E225E1048B0061E2AA /* PBXContainerItemProxy */;
		};
		BF1E381A25E104DC0061E2AA /* PBXTargetDependency */ = {
			isa = PBXTargetDependency;
			target = BF065B1D25E0FAFA0053E8B8 /* ViDRep-Sample (macOS) */;
			targetProxy = BF1E381925E104DC0061E2AA /* PBXContainerItemProxy */;
		};
/* End PBXTargetDependency section */

/* Begin XCBuildConfiguration section */
		BF065B3E25E0FAFA0053E8B8 /* Debug */ = {
			isa = XCBuildConfiguration;
			buildSettings = {
				ALWAYS_SEARCH_USER_PATHS = NO;
				CLANG_ANALYZER_NONNULL = YES;
				CLANG_ANALYZER_NUMBER_OBJECT_CONVERSION = YES_AGGRESSIVE;
				CLANG_CXX_LANGUAGE_STANDARD = "gnu++14";
				CLANG_CXX_LIBRARY = "libc++";
				CLANG_ENABLE_MODULES = YES;
				CLANG_ENABLE_OBJC_ARC = YES;
				CLANG_ENABLE_OBJC_WEAK = YES;
				CLANG_WARN_BLOCK_CAPTURE_AUTORELEASING = YES;
				CLANG_WARN_BOOL_CONVERSION = YES;
				CLANG_WARN_COMMA = YES;
				CLANG_WARN_CONSTANT_CONVERSION = YES;
				CLANG_WARN_DEPRECATED_OBJC_IMPLEMENTATIONS = YES;
				CLANG_WARN_DIRECT_OBJC_ISA_USAGE = YES_ERROR;
				CLANG_WARN_DOCUMENTATION_COMMENTS = YES;
				CLANG_WARN_EMPTY_BODY = YES;
				CLANG_WARN_ENUM_CONVERSION = YES;
				CLANG_WARN_INFINITE_RECURSION = YES;
				CLANG_WARN_INT_CONVERSION = YES;
				CLANG_WARN_NON_LITERAL_NULL_CONVERSION = YES;
				CLANG_WARN_OBJC_IMPLICIT_RETAIN_SELF = YES;
				CLANG_WARN_OBJC_LITERAL_CONVERSION = YES;
				CLANG_WARN_OBJC_ROOT_CLASS = YES_ERROR;
				CLANG_WARN_QUOTED_INCLUDE_IN_FRAMEWORK_HEADER = YES;
				CLANG_WARN_RANGE_LOOP_ANALYSIS = YES;
				CLANG_WARN_STRICT_PROTOTYPES = YES;
				CLANG_WARN_SUSPICIOUS_MOVE = YES;
				CLANG_WARN_UNGUARDED_AVAILABILITY = YES_AGGRESSIVE;
				CLANG_WARN_UNREACHABLE_CODE = YES;
				CLANG_WARN__DUPLICATE_METHOD_MATCH = YES;
				COPY_PHASE_STRIP = NO;
				DEBUG_INFORMATION_FORMAT = dwarf;
				ENABLE_STRICT_OBJC_MSGSEND = YES;
				ENABLE_TESTABILITY = YES;
				GCC_C_LANGUAGE_STANDARD = gnu11;
				GCC_DYNAMIC_NO_PIC = NO;
				GCC_NO_COMMON_BLOCKS = YES;
				GCC_OPTIMIZATION_LEVEL = 0;
				GCC_PREPROCESSOR_DEFINITIONS = (
					"DEBUG=1",
					"$(inherited)",
				);
				GCC_WARN_64_TO_32_BIT_CONVERSION = YES;
				GCC_WARN_ABOUT_RETURN_TYPE = YES_ERROR;
				GCC_WARN_UNDECLARED_SELECTOR = YES;
				GCC_WARN_UNINITIALIZED_AUTOS = YES_AGGRESSIVE;
				GCC_WARN_UNUSED_FUNCTION = YES;
				GCC_WARN_UNUSED_VARIABLE = YES;
				MTL_ENABLE_DEBUG_INFO = INCLUDE_SOURCE;
				MTL_FAST_MATH = YES;
				ONLY_ACTIVE_ARCH = YES;
				SWIFT_ACTIVE_COMPILATION_CONDITIONS = DEBUG;
				SWIFT_OPTIMIZATION_LEVEL = "-Onone";
			};
			name = Debug;
		};
		BF065B3F25E0FAFA0053E8B8 /* Release */ = {
			isa = XCBuildConfiguration;
			buildSettings = {
				ALWAYS_SEARCH_USER_PATHS = NO;
				CLANG_ANALYZER_NONNULL = YES;
				CLANG_ANALYZER_NUMBER_OBJECT_CONVERSION = YES_AGGRESSIVE;
				CLANG_CXX_LANGUAGE_STANDARD = "gnu++14";
				CLANG_CXX_LIBRARY = "libc++";
				CLANG_ENABLE_MODULES = YES;
				CLANG_ENABLE_OBJC_ARC = YES;
				CLANG_ENABLE_OBJC_WEAK = YES;
				CLANG_WARN_BLOCK_CAPTURE_AUTORELEASING = YES;
				CLANG_WARN_BOOL_CONVERSION = YES;
				CLANG_WARN_COMMA = YES;
				CLANG_WARN_CONSTANT_CONVERSION = YES;
				CLANG_WARN_DEPRECATED_OBJC_IMPLEMENTATIONS = YES;
				CLANG_WARN_DIRECT_OBJC_ISA_USAGE = YES_ERROR;
				CLANG_WARN_DOCUMENTATION_COMMENTS = YES;
				CLANG_WARN_EMPTY_BODY = YES;
				CLANG_WARN_ENUM_CONVERSION = YES;
				CLANG_WARN_INFINITE_RECURSION = YES;
				CLANG_WARN_INT_CONVERSION = YES;
				CLANG_WARN_NON_LITERAL_NULL_CONVERSION = YES;
				CLANG_WARN_OBJC_IMPLICIT_RETAIN_SELF = YES;
				CLANG_WARN_OBJC_LITERAL_CONVERSION = YES;
				CLANG_WARN_OBJC_ROOT_CLASS = YES_ERROR;
				CLANG_WARN_QUOTED_INCLUDE_IN_FRAMEWORK_HEADER = YES;
				CLANG_WARN_RANGE_LOOP_ANALYSIS = YES;
				CLANG_WARN_STRICT_PROTOTYPES = YES;
				CLANG_WARN_SUSPICIOUS_MOVE = YES;
				CLANG_WARN_UNGUARDED_AVAILABILITY = YES_AGGRESSIVE;
				CLANG_WARN_UNREACHABLE_CODE = YES;
				CLANG_WARN__DUPLICATE_METHOD_MATCH = YES;
				COPY_PHASE_STRIP = NO;
				DEBUG_INFORMATION_FORMAT = "dwarf-with-dsym";
				ENABLE_NS_ASSERTIONS = NO;
				ENABLE_STRICT_OBJC_MSGSEND = YES;
				GCC_C_LANGUAGE_STANDARD = gnu11;
				GCC_NO_COMMON_BLOCKS = YES;
				GCC_WARN_64_TO_32_BIT_CONVERSION = YES;
				GCC_WARN_ABOUT_RETURN_TYPE = YES_ERROR;
				GCC_WARN_UNDECLARED_SELECTOR = YES;
				GCC_WARN_UNINITIALIZED_AUTOS = YES_AGGRESSIVE;
				GCC_WARN_UNUSED_FUNCTION = YES;
				GCC_WARN_UNUSED_VARIABLE = YES;
				MTL_ENABLE_DEBUG_INFO = NO;
				MTL_FAST_MATH = YES;
				SWIFT_COMPILATION_MODE = wholemodule;
				SWIFT_OPTIMIZATION_LEVEL = "-O";
			};
			name = Release;
		};
		BF065B4125E0FAFA0053E8B8 /* Debug */ = {
			isa = XCBuildConfiguration;
			buildSettings = {
				ASSETCATALOG_COMPILER_APPICON_NAME = AppIcon;
				ASSETCATALOG_COMPILER_GLOBAL_ACCENT_COLOR_NAME = AccentColor;
				CODE_SIGN_STYLE = Automatic;
				DEVELOPMENT_TEAM = KC8N9BMQJY;
				ENABLE_PREVIEWS = YES;
				INFOPLIST_FILE = iOS/Info.plist;
				IPHONEOS_DEPLOYMENT_TARGET = 14.0;
				LD_RUNPATH_SEARCH_PATHS = (
					"$(inherited)",
					"@executable_path/Frameworks",
				);
				PRODUCT_BUNDLE_IDENTIFIER = "net.crazism.ViDRep-Sample";
				PRODUCT_NAME = "ViDRep-Sample";
				SDKROOT = iphoneos;
				SWIFT_VERSION = 5.0;
				TARGETED_DEVICE_FAMILY = "1,2";
			};
			name = Debug;
		};
		BF065B4225E0FAFA0053E8B8 /* Release */ = {
			isa = XCBuildConfiguration;
			buildSettings = {
				ASSETCATALOG_COMPILER_APPICON_NAME = AppIcon;
				ASSETCATALOG_COMPILER_GLOBAL_ACCENT_COLOR_NAME = AccentColor;
				CODE_SIGN_STYLE = Automatic;
				DEVELOPMENT_TEAM = KC8N9BMQJY;
				ENABLE_PREVIEWS = YES;
				INFOPLIST_FILE = iOS/Info.plist;
				IPHONEOS_DEPLOYMENT_TARGET = 14.0;
				LD_RUNPATH_SEARCH_PATHS = (
					"$(inherited)",
					"@executable_path/Frameworks",
				);
				PRODUCT_BUNDLE_IDENTIFIER = "net.crazism.ViDRep-Sample";
				PRODUCT_NAME = "ViDRep-Sample";
				SDKROOT = iphoneos;
				SWIFT_VERSION = 5.0;
				TARGETED_DEVICE_FAMILY = "1,2";
				VALIDATE_PRODUCT = YES;
			};
			name = Release;
		};
		BF065B4425E0FAFA0053E8B8 /* Debug */ = {
			isa = XCBuildConfiguration;
			buildSettings = {
				ASSETCATALOG_COMPILER_APPICON_NAME = AppIcon;
				ASSETCATALOG_COMPILER_GLOBAL_ACCENT_COLOR_NAME = AccentColor;
				CODE_SIGN_ENTITLEMENTS = macOS/macOS.entitlements;
				CODE_SIGN_STYLE = Automatic;
				COMBINE_HIDPI_IMAGES = YES;
				DEVELOPMENT_TEAM = KC8N9BMQJY;
				ENABLE_HARDENED_RUNTIME = YES;
				ENABLE_PREVIEWS = YES;
				INFOPLIST_FILE = macOS/Info.plist;
				LD_RUNPATH_SEARCH_PATHS = (
					"$(inherited)",
					"@executable_path/../Frameworks",
				);
				MACOSX_DEPLOYMENT_TARGET = 11.0;
				PRODUCT_BUNDLE_IDENTIFIER = "net.crazism.ViDRep-Sample";
				PRODUCT_NAME = "ViDRep-Sample";
				SDKROOT = macosx;
				SWIFT_VERSION = 5.0;
			};
			name = Debug;
		};
		BF065B4525E0FAFA0053E8B8 /* Release */ = {
			isa = XCBuildConfiguration;
			buildSettings = {
				ASSETCATALOG_COMPILER_APPICON_NAME = AppIcon;
				ASSETCATALOG_COMPILER_GLOBAL_ACCENT_COLOR_NAME = AccentColor;
				CODE_SIGN_ENTITLEMENTS = macOS/macOS.entitlements;
				CODE_SIGN_STYLE = Automatic;
				COMBINE_HIDPI_IMAGES = YES;
				DEVELOPMENT_TEAM = KC8N9BMQJY;
				ENABLE_HARDENED_RUNTIME = YES;
				ENABLE_PREVIEWS = YES;
				INFOPLIST_FILE = macOS/Info.plist;
				LD_RUNPATH_SEARCH_PATHS = (
					"$(inherited)",
					"@executable_path/../Frameworks",
				);
				MACOSX_DEPLOYMENT_TARGET = 11.0;
				PRODUCT_BUNDLE_IDENTIFIER = "net.crazism.ViDRep-Sample";
				PRODUCT_NAME = "ViDRep-Sample";
				SDKROOT = macosx;
				SWIFT_VERSION = 5.0;
			};
			name = Release;
		};
		BF065B4725E0FAFA0053E8B8 /* Debug */ = {
			isa = XCBuildConfiguration;
			buildSettings = {
				ALWAYS_EMBED_SWIFT_STANDARD_LIBRARIES = YES;
				CODE_SIGN_STYLE = Automatic;
				DEVELOPMENT_TEAM = KC8N9BMQJY;
				INFOPLIST_FILE = "Tests iOS/Info.plist";
				IPHONEOS_DEPLOYMENT_TARGET = 14.4;
				LD_RUNPATH_SEARCH_PATHS = (
					"$(inherited)",
					"@executable_path/Frameworks",
					"@loader_path/Frameworks",
				);
				PRODUCT_BUNDLE_IDENTIFIER = "net.crazism.Tests-iOS";
				PRODUCT_NAME = "$(TARGET_NAME)";
				SDKROOT = iphoneos;
				SWIFT_VERSION = 5.0;
				TARGETED_DEVICE_FAMILY = "1,2";
				TEST_TARGET_NAME = "ViDRep-Sample (iOS)";
			};
			name = Debug;
		};
		BF065B4825E0FAFA0053E8B8 /* Release */ = {
			isa = XCBuildConfiguration;
			buildSettings = {
				ALWAYS_EMBED_SWIFT_STANDARD_LIBRARIES = YES;
				CODE_SIGN_STYLE = Automatic;
				DEVELOPMENT_TEAM = KC8N9BMQJY;
				INFOPLIST_FILE = "Tests iOS/Info.plist";
				IPHONEOS_DEPLOYMENT_TARGET = 14.4;
				LD_RUNPATH_SEARCH_PATHS = (
					"$(inherited)",
					"@executable_path/Frameworks",
					"@loader_path/Frameworks",
				);
				PRODUCT_BUNDLE_IDENTIFIER = "net.crazism.Tests-iOS";
				PRODUCT_NAME = "$(TARGET_NAME)";
				SDKROOT = iphoneos;
				SWIFT_VERSION = 5.0;
				TARGETED_DEVICE_FAMILY = "1,2";
				TEST_TARGET_NAME = "ViDRep-Sample (iOS)";
				VALIDATE_PRODUCT = YES;
			};
			name = Release;
		};
		BF065B4A25E0FAFA0053E8B8 /* Debug */ = {
			isa = XCBuildConfiguration;
			buildSettings = {
				ALWAYS_EMBED_SWIFT_STANDARD_LIBRARIES = YES;
				CODE_SIGN_STYLE = Automatic;
				COMBINE_HIDPI_IMAGES = YES;
				DEVELOPMENT_TEAM = KC8N9BMQJY;
				INFOPLIST_FILE = "Tests macOS/Info.plist";
				LD_RUNPATH_SEARCH_PATHS = (
					"$(inherited)",
					"@executable_path/../Frameworks",
					"@loader_path/../Frameworks",
				);
				MACOSX_DEPLOYMENT_TARGET = 11.1;
				PRODUCT_BUNDLE_IDENTIFIER = "net.crazism.Tests-macOS";
				PRODUCT_NAME = "$(TARGET_NAME)";
				SDKROOT = macosx;
				SWIFT_VERSION = 5.0;
				TEST_TARGET_NAME = "ViDRep-Sample (macOS)";
			};
			name = Debug;
		};
		BF065B4B25E0FAFA0053E8B8 /* Release */ = {
			isa = XCBuildConfiguration;
			buildSettings = {
				ALWAYS_EMBED_SWIFT_STANDARD_LIBRARIES = YES;
				CODE_SIGN_STYLE = Automatic;
				COMBINE_HIDPI_IMAGES = YES;
				DEVELOPMENT_TEAM = KC8N9BMQJY;
				INFOPLIST_FILE = "Tests macOS/Info.plist";
				LD_RUNPATH_SEARCH_PATHS = (
					"$(inherited)",
					"@executable_path/../Frameworks",
					"@loader_path/../Frameworks",
				);
				MACOSX_DEPLOYMENT_TARGET = 11.1;
				PRODUCT_BUNDLE_IDENTIFIER = "net.crazism.Tests-macOS";
				PRODUCT_NAME = "$(TARGET_NAME)";
				SDKROOT = macosx;
				SWIFT_VERSION = 5.0;
				TEST_TARGET_NAME = "ViDRep-Sample (macOS)";
			};
			name = Release;
		};
		BF1E37E525E1048B0061E2AA /* Debug */ = {
			isa = XCBuildConfiguration;
			buildSettings = {
				BUNDLE_LOADER = "$(TEST_HOST)";
				CODE_SIGN_STYLE = Automatic;
				DEVELOPMENT_TEAM = KC8N9BMQJY;
				INFOPLIST_FILE = "UnitTests iOS/Info.plist";
				IPHONEOS_DEPLOYMENT_TARGET = 14.4;
				LD_RUNPATH_SEARCH_PATHS = (
					"$(inherited)",
					"@executable_path/Frameworks",
					"@loader_path/Frameworks",
				);
				PRODUCT_BUNDLE_IDENTIFIER = "net.crazism.UnitTests-iOS";
				PRODUCT_NAME = "$(TARGET_NAME)";
				SDKROOT = iphoneos;
				SWIFT_VERSION = 5.0;
				TARGETED_DEVICE_FAMILY = "1,2";
				TEST_HOST = "$(BUILT_PRODUCTS_DIR)/ViDRep-Sample.app/ViDRep-Sample";
			};
			name = Debug;
		};
		BF1E37E625E1048B0061E2AA /* Release */ = {
			isa = XCBuildConfiguration;
			buildSettings = {
				BUNDLE_LOADER = "$(TEST_HOST)";
				CODE_SIGN_STYLE = Automatic;
				DEVELOPMENT_TEAM = KC8N9BMQJY;
				INFOPLIST_FILE = "UnitTests iOS/Info.plist";
				IPHONEOS_DEPLOYMENT_TARGET = 14.4;
				LD_RUNPATH_SEARCH_PATHS = (
					"$(inherited)",
					"@executable_path/Frameworks",
					"@loader_path/Frameworks",
				);
				PRODUCT_BUNDLE_IDENTIFIER = "net.crazism.UnitTests-iOS";
				PRODUCT_NAME = "$(TARGET_NAME)";
				SDKROOT = iphoneos;
				SWIFT_VERSION = 5.0;
				TARGETED_DEVICE_FAMILY = "1,2";
				TEST_HOST = "$(BUILT_PRODUCTS_DIR)/ViDRep-Sample.app/ViDRep-Sample";
				VALIDATE_PRODUCT = YES;
			};
			name = Release;
		};
		BF1E381C25E104DC0061E2AA /* Debug */ = {
			isa = XCBuildConfiguration;
			buildSettings = {
				BUNDLE_LOADER = "$(TEST_HOST)";
				CODE_SIGN_STYLE = Automatic;
				COMBINE_HIDPI_IMAGES = YES;
				DEVELOPMENT_TEAM = KC8N9BMQJY;
				INFOPLIST_FILE = "UnitTests macOS/Info.plist";
				LD_RUNPATH_SEARCH_PATHS = (
					"$(inherited)",
					"@executable_path/../Frameworks",
					"@loader_path/../Frameworks",
				);
				MACOSX_DEPLOYMENT_TARGET = 11.1;
				PRODUCT_BUNDLE_IDENTIFIER = "net.crazism.UnitTests-macOS";
				PRODUCT_NAME = "$(TARGET_NAME)";
				SDKROOT = macosx;
				SWIFT_VERSION = 5.0;
				TEST_HOST = "$(BUILT_PRODUCTS_DIR)/ViDRep-Sample.app/Contents/MacOS/ViDRep-Sample";
			};
			name = Debug;
		};
		BF1E381D25E104DC0061E2AA /* Release */ = {
			isa = XCBuildConfiguration;
			buildSettings = {
				BUNDLE_LOADER = "$(TEST_HOST)";
				CODE_SIGN_STYLE = Automatic;
				COMBINE_HIDPI_IMAGES = YES;
				DEVELOPMENT_TEAM = KC8N9BMQJY;
				INFOPLIST_FILE = "UnitTests macOS/Info.plist";
				LD_RUNPATH_SEARCH_PATHS = (
					"$(inherited)",
					"@executable_path/../Frameworks",
					"@loader_path/../Frameworks",
				);
				MACOSX_DEPLOYMENT_TARGET = 11.1;
				PRODUCT_BUNDLE_IDENTIFIER = "net.crazism.UnitTests-macOS";
				PRODUCT_NAME = "$(TARGET_NAME)";
				SDKROOT = macosx;
				SWIFT_VERSION = 5.0;
				TEST_HOST = "$(BUILT_PRODUCTS_DIR)/ViDRep-Sample.app/Contents/MacOS/ViDRep-Sample";
			};
			name = Release;
		};
/* End XCBuildConfiguration section */

/* Begin XCConfigurationList section */
		BF065B0D25E0FAF70053E8B8 /* Build configuration list for PBXProject "ViDRep-Sample" */ = {
			isa = XCConfigurationList;
			buildConfigurations = (
				BF065B3E25E0FAFA0053E8B8 /* Debug */,
				BF065B3F25E0FAFA0053E8B8 /* Release */,
			);
			defaultConfigurationIsVisible = 0;
			defaultConfigurationName = Release;
		};
		BF065B4025E0FAFA0053E8B8 /* Build configuration list for PBXNativeTarget "ViDRep-Sample (iOS)" */ = {
			isa = XCConfigurationList;
			buildConfigurations = (
				BF065B4125E0FAFA0053E8B8 /* Debug */,
				BF065B4225E0FAFA0053E8B8 /* Release */,
			);
			defaultConfigurationIsVisible = 0;
			defaultConfigurationName = Release;
		};
		BF065B4325E0FAFA0053E8B8 /* Build configuration list for PBXNativeTarget "ViDRep-Sample (macOS)" */ = {
			isa = XCConfigurationList;
			buildConfigurations = (
				BF065B4425E0FAFA0053E8B8 /* Debug */,
				BF065B4525E0FAFA0053E8B8 /* Release */,
			);
			defaultConfigurationIsVisible = 0;
			defaultConfigurationName = Release;
		};
		BF065B4625E0FAFA0053E8B8 /* Build configuration list for PBXNativeTarget "Tests iOS" */ = {
			isa = XCConfigurationList;
			buildConfigurations = (
				BF065B4725E0FAFA0053E8B8 /* Debug */,
				BF065B4825E0FAFA0053E8B8 /* Release */,
			);
			defaultConfigurationIsVisible = 0;
			defaultConfigurationName = Release;
		};
		BF065B4925E0FAFA0053E8B8 /* Build configuration list for PBXNativeTarget "Tests macOS" */ = {
			isa = XCConfigurationList;
			buildConfigurations = (
				BF065B4A25E0FAFA0053E8B8 /* Debug */,
				BF065B4B25E0FAFA0053E8B8 /* Release */,
			);
			defaultConfigurationIsVisible = 0;
			defaultConfigurationName = Release;
		};
		BF1E37E425E1048B0061E2AA /* Build configuration list for PBXNativeTarget "UnitTests iOS" */ = {
			isa = XCConfigurationList;
			buildConfigurations = (
				BF1E37E525E1048B0061E2AA /* Debug */,
				BF1E37E625E1048B0061E2AA /* Release */,
			);
			defaultConfigurationIsVisible = 0;
			defaultConfigurationName = Release;
		};
		BF1E381B25E104DC0061E2AA /* Build configuration list for PBXNativeTarget "UnitTests macOS" */ = {
			isa = XCConfigurationList;
			buildConfigurations = (
				BF1E381C25E104DC0061E2AA /* Debug */,
				BF1E381D25E104DC0061E2AA /* Release */,
			);
			defaultConfigurationIsVisible = 0;
			defaultConfigurationName = Release;
		};
/* End XCConfigurationList section */
	};
	rootObject = BF065B0A25E0FAF70053E8B8 /* Project object */;
}
