// !$*UTF8*$!
{
	archiveVersion = 1;
	classes = {
	};
	objectVersion = 50;
	objects = {

/* Begin PBXBuildFile section */
		BF065B2B25E0FAFA0053E8B8 /* Tests_iOS.swift in Sources */ = {isa = PBXBuildFile; fileRef = BF065B2A25E0FAFA0053E8B8 /* Tests_iOS.swift */; };
		BF065B3625E0FAFA0053E8B8 /* Tests_macOS.swift in Sources */ = {isa = PBXBuildFile; fileRef = BF065B3525E0FAFA0053E8B8 /* Tests_macOS.swift */; };
		BF065B3825E0FAFA0053E8B8 /* ViDRep_SampleApp.swift in Sources */ = {isa = PBXBuildFile; fileRef = BF065B0F25E0FAF70053E8B8 /* ViDRep_SampleApp.swift */; };
		BF065B3925E0FAFA0053E8B8 /* ViDRep_SampleApp.swift in Sources */ = {isa = PBXBuildFile; fileRef = BF065B0F25E0FAF70053E8B8 /* ViDRep_SampleApp.swift */; };
		BF065B3A25E0FAFA0053E8B8 /* ContentView.swift in Sources */ = {isa = PBXBuildFile; fileRef = BF065B1025E0FAF70053E8B8 /* ContentView.swift */; };
		BF065B3B25E0FAFA0053E8B8 /* ContentView.swift in Sources */ = {isa = PBXBuildFile; fileRef = BF065B1025E0FAF70053E8B8 /* ContentView.swift */; };
		BF065B3C25E0FAFA0053E8B8 /* Assets.xcassets in Resources */ = {isa = PBXBuildFile; fileRef = BF065B1125E0FAFA0053E8B8 /* Assets.xcassets */; };
		BF065B3D25E0FAFA0053E8B8 /* Assets.xcassets in Resources */ = {isa = PBXBuildFile; fileRef = BF065B1125E0FAFA0053E8B8 /* Assets.xcassets */; };
/* End PBXBuildFile section */

/* Begin PBXContainerItemProxy section */
		BF065B2725E0FAFA0053E8B8 /* PBXContainerItemProxy */ = {
			isa = PBXContainerItemProxy;
			containerPortal = BF065B0A25E0FAF70053E8B8 /* Project object */;
			proxyType = 1;
			remoteGlobalIDString = BF065B1525E0FAFA0053E8B8;
			remoteInfo = "ViDRep-Sample (iOS)";
		};
		BF065B3225E0FAFA0053E8B8 /* PBXContainerItemProxy */ = {
			isa = PBXContainerItemProxy;
			containerPortal = BF065B0A25E0FAF70053E8B8 /* Project object */;
			proxyType = 1;
			remoteGlobalIDString = BF065B1D25E0FAFA0053E8B8;
			remoteInfo = "ViDRep-Sample (macOS)";
		};
/* End PBXContainerItemProxy section */

/* Begin PBXFileReference section */
		BF065B0F25E0FAF70053E8B8 /* ViDRep_SampleApp.swift */ = {isa = PBXFileReference; lastKnownFileType = sourcecode.swift; path = ViDRep_SampleApp.swift; sourceTree = "<group>"; };
		BF065B1025E0FAF70053E8B8 /* ContentView.swift */ = {isa = PBXFileReference; lastKnownFileType = sourcecode.swift; path = ContentView.swift; sourceTree = "<group>"; };
		BF065B1125E0FAFA0053E8B8 /* Assets.xcassets */ = {isa = PBXFileReference; lastKnownFileType = folder.assetcatalog; path = Assets.xcassets; sourceTree = "<group>"; };
		BF065B1625E0FAFA0053E8B8 /* ViDRep-Sample.app */ = {isa = PBXFileReference; explicitFileType = wrapper.application; includeInIndex = 0; path = "ViDRep-Sample.app"; sourceTree = BUILT_PRODUCTS_DIR; };
		BF065B1925E0FAFA0053E8B8 /* Info.plist */ = {isa = PBXFileReference; lastKnownFileType = text.plist.xml; path = Info.plist; sourceTree = "<group>"; };
		BF065B1E25E0FAFA0053E8B8 /* ViDRep-Sample.app */ = {isa = PBXFileReference; explicitFileType = wrapper.application; includeInIndex = 0; path = "ViDRep-Sample.app"; sourceTree = BUILT_PRODUCTS_DIR; };
		BF065B2025E0FAFA0053E8B8 /* Info.plist */ = {isa = PBXFileReference; lastKnownFileType = text.plist.xml; path = Info.plist; sourceTree = "<group>"; };
		BF065B2125E0FAFA0053E8B8 /* macOS.entitlements */ = {isa = PBXFileReference; lastKnownFileType = text.plist.entitlements; path = macOS.entitlements; sourceTree = "<group>"; };
		BF065B2625E0FAFA0053E8B8 /* Tests iOS.xctest */ = {isa = PBXFileReference; explicitFileType = wrapper.cfbundle; includeInIndex = 0; path = "Tests iOS.xctest"; sourceTree = BUILT_PRODUCTS_DIR; };
		BF065B2A25E0FAFA0053E8B8 /* Tests_iOS.swift */ = {isa = PBXFileReference; lastKnownFileType = sourcecode.swift; path = Tests_iOS.swift; sourceTree = "<group>"; };
		BF065B2C25E0FAFA0053E8B8 /* Info.plist */ = {isa = PBXFileReference; lastKnownFileType = text.plist.xml; path = Info.plist; sourceTree = "<group>"; };
		BF065B3125E0FAFA0053E8B8 /* Tests macOS.xctest */ = {isa = PBXFileReference; explicitFileType = wrapper.cfbundle; includeInIndex = 0; path = "Tests macOS.xctest"; sourceTree = BUILT_PRODUCTS_DIR; };
		BF065B3525E0FAFA0053E8B8 /* Tests_macOS.swift */ = {isa = PBXFileReference; lastKnownFileType = sourcecode.swift; path = Tests_macOS.swift; sourceTree = "<group>"; };
		BF065B3725E0FAFA0053E8B8 /* Info.plist */ = {isa = PBXFileReference; lastKnownFileType = text.plist.xml; path = Info.plist; sourceTree = "<group>"; };
/* End PBXFileReference section */

/* Begin PBXFrameworksBuildPhase section */
		BF065B1325E0FAFA0053E8B8 /* Frameworks */ = {
			isa = PBXFrameworksBuildPhase;
			buildActionMask = 2147483647;
			files = (
			);
			runOnlyForDeploymentPostprocessing = 0;
		};
		BF065B1B25E0FAFA0053E8B8 /* Frameworks */ = {
			isa = PBXFrameworksBuildPhase;
			buildActionMask = 2147483647;
			files = (
			);
			runOnlyForDeploymentPostprocessing = 0;
		};
		BF065B2325E0FAFA0053E8B8 /* Frameworks */ = {
			isa = PBXFrameworksBuildPhase;
			buildActionMask = 2147483647;
			files = (
			);
			runOnlyForDeploymentPostprocessing = 0;
		};
		BF065B2E25E0FAFA0053E8B8 /* Frameworks */ = {
			isa = PBXFrameworksBuildPhase;
			buildActionMask = 2147483647;
			files = (
			);
			runOnlyForDeploymentPostprocessing = 0;
		};
/* End PBXFrameworksBuildPhase section */

/* Begin PBXGroup section */
		BF065B0925E0FAF70053E8B8 = {
			isa = PBXGroup;
			children = (
				BF065B0E25E0FAF70053E8B8 /* Shared */,
				BF065B1825E0FAFA0053E8B8 /* iOS */,
				BF065B1F25E0FAFA0053E8B8 /* macOS */,
				BF065B2925E0FAFA0053E8B8 /* Tests iOS */,
				BF065B3425E0FAFA0053E8B8 /* Tests macOS */,
				BF065B1725E0FAFA0053E8B8 /* Products */,
			);
			sourceTree = "<group>";
		};
		BF065B0E25E0FAF70053E8B8 /* Shared */ = {
			isa = PBXGroup;
			children = (
				BF065B0F25E0FAF70053E8B8 /* ViDRep_SampleApp.swift */,
				BF065B1025E0FAF70053E8B8 /* ContentView.swift */,
				BF065B1125E0FAFA0053E8B8 /* Assets.xcassets */,
			);
			path = Shared;
			sourceTree = "<group>";
		};
		BF065B1725E0FAFA0053E8B8 /* Products */ = {
			isa = PBXGroup;
			children = (
				BF065B1625E0FAFA0053E8B8 /* ViDRep-Sample.app */,
				BF065B1E25E0FAFA0053E8B8 /* ViDRep-Sample.app */,
				BF065B2625E0FAFA0053E8B8 /* Tests iOS.xctest */,
				BF065B3125E0FAFA0053E8B8 /* Tests macOS.xctest */,
			);
			name = Products;
			sourceTree = "<group>";
		};
		BF065B1825E0FAFA0053E8B8 /* iOS */ = {
			isa = PBXGroup;
			children = (
				BF065B1925E0FAFA0053E8B8 /* Info.plist */,
			);
			path = iOS;
			sourceTree = "<group>";
		};
		BF065B1F25E0FAFA0053E8B8 /* macOS */ = {
			isa = PBXGroup;
			children = (
				BF065B2025E0FAFA0053E8B8 /* Info.plist */,
				BF065B2125E0FAFA0053E8B8 /* macOS.entitlements */,
			);
			path = macOS;
			sourceTree = "<group>";
		};
		BF065B2925E0FAFA0053E8B8 /* Tests iOS */ = {
			isa = PBXGroup;
			children = (
				BF065B2A25E0FAFA0053E8B8 /* Tests_iOS.swift */,
				BF065B2C25E0FAFA0053E8B8 /* Info.plist */,
			);
			path = "Tests iOS";
			sourceTree = "<group>";
		};
		BF065B3425E0FAFA0053E8B8 /* Tests macOS */ = {
			isa = PBXGroup;
			children = (
				BF065B3525E0FAFA0053E8B8 /* Tests_macOS.swift */,
				BF065B3725E0FAFA0053E8B8 /* Info.plist */,
			);
			path = "Tests macOS";
			sourceTree = "<group>";
		};
/* End PBXGroup section */

/* Begin PBXNativeTarget section */
		BF065B1525E0FAFA0053E8B8 /* ViDRep-Sample (iOS) */ = {
			isa = PBXNativeTarget;
			buildConfigurationList = BF065B4025E0FAFA0053E8B8 /* Build configuration list for PBXNativeTarget "ViDRep-Sample (iOS)" */;
			buildPhases = (
				BF065B1225E0FAFA0053E8B8 /* Sources */,
				BF065B1325E0FAFA0053E8B8 /* Frameworks */,
				BF065B1425E0FAFA0053E8B8 /* Resources */,
			);
			buildRules = (
			);
			dependencies = (
			);
			name = "ViDRep-Sample (iOS)";
			productName = "ViDRep-Sample (iOS)";
			productReference = BF065B1625E0FAFA0053E8B8 /* ViDRep-Sample.app */;
			productType = "com.apple.product-type.application";
		};
		BF065B1D25E0FAFA0053E8B8 /* ViDRep-Sample (macOS) */ = {
			isa = PBXNativeTarget;
			buildConfigurationList = BF065B4325E0FAFA0053E8B8 /* Build configuration list for PBXNativeTarget "ViDRep-Sample (macOS)" */;
			buildPhases = (
				BF065B1A25E0FAFA0053E8B8 /* Sources */,
				BF065B1B25E0FAFA0053E8B8 /* Frameworks */,
				BF065B1C25E0FAFA0053E8B8 /* Resources */,
			);
			buildRules = (
			);
			dependencies = (
			);
			name = "ViDRep-Sample (macOS)";
			productName = "ViDRep-Sample (macOS)";
			productReference = BF065B1E25E0FAFA0053E8B8 /* ViDRep-Sample.app */;
			productType = "com.apple.product-type.application";
		};
		BF065B2525E0FAFA0053E8B8 /* Tests iOS */ = {
			isa = PBXNativeTarget;
			buildConfigurationList = BF065B4625E0FAFA0053E8B8 /* Build configuration list for PBXNativeTarget "Tests iOS" */;
			buildPhases = (
				BF065B2225E0FAFA0053E8B8 /* Sources */,
				BF065B2325E0FAFA0053E8B8 /* Frameworks */,
				BF065B2425E0FAFA0053E8B8 /* Resources */,
			);
			buildRules = (
			);
			dependencies = (
				BF065B2825E0FAFA0053E8B8 /* PBXTargetDependency */,
			);
			name = "Tests iOS";
			productName = "Tests iOS";
			productReference = BF065B2625E0FAFA0053E8B8 /* Tests iOS.xctest */;
			productType = "com.apple.product-type.bundle.ui-testing";
		};
		BF065B3025E0FAFA0053E8B8 /* Tests macOS */ = {
			isa = PBXNativeTarget;
			buildConfigurationList = BF065B4925E0FAFA0053E8B8 /* Build configuration list for PBXNativeTarget "Tests macOS" */;
			buildPhases = (
				BF065B2D25E0FAFA0053E8B8 /* Sources */,
				BF065B2E25E0FAFA0053E8B8 /* Frameworks */,
				BF065B2F25E0FAFA0053E8B8 /* Resources */,
			);
			buildRules = (
			);
			dependencies = (
				BF065B3325E0FAFA0053E8B8 /* PBXTargetDependency */,
			);
			name = "Tests macOS";
			productName = "Tests macOS";
			productReference = BF065B3125E0FAFA0053E8B8 /* Tests macOS.xctest */;
			productType = "com.apple.product-type.bundle.ui-testing";
		};
/* End PBXNativeTarget section */

/* Begin PBXProject section */
		BF065B0A25E0FAF70053E8B8 /* Project object */ = {
			isa = PBXProject;
			attributes = {
				LastSwiftUpdateCheck = 1240;
				LastUpgradeCheck = 1240;
				TargetAttributes = {
					BF065B1525E0FAFA0053E8B8 = {
						CreatedOnToolsVersion = 12.4;
					};
					BF065B1D25E0FAFA0053E8B8 = {
						CreatedOnToolsVersion = 12.4;
					};
					BF065B2525E0FAFA0053E8B8 = {
						CreatedOnToolsVersion = 12.4;
						TestTargetID = BF065B1525E0FAFA0053E8B8;
					};
					BF065B3025E0FAFA0053E8B8 = {
						CreatedOnToolsVersion = 12.4;
						TestTargetID = BF065B1D25E0FAFA0053E8B8;
					};
				};
			};
			buildConfigurationList = BF065B0D25E0FAF70053E8B8 /* Build configuration list for PBXProject "ViDRep-Sample" */;
			compatibilityVersion = "Xcode 9.3";
			developmentRegion = en;
			hasScannedForEncodings = 0;
			knownRegions = (
				en,
				Base,
			);
			mainGroup = BF065B0925E0FAF70053E8B8;
			productRefGroup = BF065B1725E0FAFA0053E8B8 /* Products */;
			projectDirPath = "";
			projectRoot = "";
			targets = (
				BF065B1525E0FAFA0053E8B8 /* ViDRep-Sample (iOS) */,
				BF065B1D25E0FAFA0053E8B8 /* ViDRep-Sample (macOS) */,
				BF065B2525E0FAFA0053E8B8 /* Tests iOS */,
				BF065B3025E0FAFA0053E8B8 /* Tests macOS */,
			);
		};
/* End PBXProject section */

/* Begin PBXResourcesBuildPhase section */
		BF065B1425E0FAFA0053E8B8 /* Resources */ = {
			isa = PBXResourcesBuildPhase;
			buildActionMask = 2147483647;
			files = (
				BF065B3C25E0FAFA0053E8B8 /* Assets.xcassets in Resources */,
			);
			runOnlyForDeploymentPostprocessing = 0;
		};
		BF065B1C25E0FAFA0053E8B8 /* Resources */ = {
			isa = PBXResourcesBuildPhase;
			buildActionMask = 2147483647;
			files = (
				BF065B3D25E0FAFA0053E8B8 /* Assets.xcassets in Resources */,
			);
			runOnlyForDeploymentPostprocessing = 0;
		};
		BF065B2425E0FAFA0053E8B8 /* Resources */ = {
			isa = PBXResourcesBuildPhase;
			buildActionMask = 2147483647;
			files = (
			);
			runOnlyForDeploymentPostprocessing = 0;
		};
		BF065B2F25E0FAFA0053E8B8 /* Resources */ = {
			isa = PBXResourcesBuildPhase;
			buildActionMask = 2147483647;
			files = (
			);
			runOnlyForDeploymentPostprocessing = 0;
		};
/* End PBXResourcesBuildPhase section */

/* Begin PBXSourcesBuildPhase section */
		BF065B1225E0FAFA0053E8B8 /* Sources */ = {
			isa = PBXSourcesBuildPhase;
			buildActionMask = 2147483647;
			files = (
				BF065B3A25E0FAFA0053E8B8 /* ContentView.swift in Sources */,
				BF065B3825E0FAFA0053E8B8 /* ViDRep_SampleApp.swift in Sources */,
			);
			runOnlyForDeploymentPostprocessing = 0;
		};
		BF065B1A25E0FAFA0053E8B8 /* Sources */ = {
			isa = PBXSourcesBuildPhase;
			buildActionMask = 2147483647;
			files = (
				BF065B3B25E0FAFA0053E8B8 /* ContentView.swift in Sources */,
				BF065B3925E0FAFA0053E8B8 /* ViDRep_SampleApp.swift in Sources */,
			);
			runOnlyForDeploymentPostprocessing = 0;
		};
		BF065B2225E0FAFA0053E8B8 /* Sources */ = {
			isa = PBXSourcesBuildPhase;
			buildActionMask = 2147483647;
			files = (
				BF065B2B25E0FAFA0053E8B8 /* Tests_iOS.swift in Sources */,
			);
			runOnlyForDeploymentPostprocessing = 0;
		};
		BF065B2D25E0FAFA0053E8B8 /* Sources */ = {
			isa = PBXSourcesBuildPhase;
			buildActionMask = 2147483647;
			files = (
				BF065B3625E0FAFA0053E8B8 /* Tests_macOS.swift in Sources */,
			);
			runOnlyForDeploymentPostprocessing = 0;
		};
/* End PBXSourcesBuildPhase section */

/* Begin PBXTargetDependency section */
		BF065B2825E0FAFA0053E8B8 /* PBXTargetDependency */ = {
			isa = PBXTargetDependency;
			target = BF065B1525E0FAFA0053E8B8 /* ViDRep-Sample (iOS) */;
			targetProxy = BF065B2725E0FAFA0053E8B8 /* PBXContainerItemProxy */;
		};
		BF065B3325E0FAFA0053E8B8 /* PBXTargetDependency */ = {
			isa = PBXTargetDependency;
			target = BF065B1D25E0FAFA0053E8B8 /* ViDRep-Sample (macOS) */;
			targetProxy = BF065B3225E0FAFA0053E8B8 /* PBXContainerItemProxy */;
		};
/* End PBXTargetDependency section */

/* Begin XCBuildConfiguration section */
		BF065B3E25E0FAFA0053E8B8 /* Debug */ = {
			isa = XCBuildConfiguration;
			buildSettings = {
				ALWAYS_SEARCH_USER_PATHS = NO;
				CLANG_ANALYZER_NONNULL = YES;
				CLANG_ANALYZER_NUMBER_OBJECT_CONVERSION = YES_AGGRESSIVE;
				CLANG_CXX_LANGUAGE_STANDARD = "gnu++14";
				CLANG_CXX_LIBRARY = "libc++";
				CLANG_ENABLE_MODULES = YES;
				CLANG_ENABLE_OBJC_ARC = YES;
				CLANG_ENABLE_OBJC_WEAK = YES;
				CLANG_WARN_BLOCK_CAPTURE_AUTORELEASING = YES;
				CLANG_WARN_BOOL_CONVERSION = YES;
				CLANG_WARN_COMMA = YES;
				CLANG_WARN_CONSTANT_CONVERSION = YES;
				CLANG_WARN_DEPRECATED_OBJC_IMPLEMENTATIONS = YES;
				CLANG_WARN_DIRECT_OBJC_ISA_USAGE = YES_ERROR;
				CLANG_WARN_DOCUMENTATION_COMMENTS = YES;
				CLANG_WARN_EMPTY_BODY = YES;
				CLANG_WARN_ENUM_CONVERSION = YES;
				CLANG_WARN_INFINITE_RECURSION = YES;
				CLANG_WARN_INT_CONVERSION = YES;
				CLANG_WARN_NON_LITERAL_NULL_CONVERSION = YES;
				CLANG_WARN_OBJC_IMPLICIT_RETAIN_SELF = YES;
				CLANG_WARN_OBJC_LITERAL_CONVERSION = YES;
				CLANG_WARN_OBJC_ROOT_CLASS = YES_ERROR;
				CLANG_WARN_QUOTED_INCLUDE_IN_FRAMEWORK_HEADER = YES;
				CLANG_WARN_RANGE_LOOP_ANALYSIS = YES;
				CLANG_WARN_STRICT_PROTOTYPES = YES;
				CLANG_WARN_SUSPICIOUS_MOVE = YES;
				CLANG_WARN_UNGUARDED_AVAILABILITY = YES_AGGRESSIVE;
				CLANG_WARN_UNREACHABLE_CODE = YES;
				CLANG_WARN__DUPLICATE_METHOD_MATCH = YES;
				COPY_PHASE_STRIP = NO;
				DEBUG_INFORMATION_FORMAT = dwarf;
				ENABLE_STRICT_OBJC_MSGSEND = YES;
				ENABLE_TESTABILITY = YES;
				GCC_C_LANGUAGE_STANDARD = gnu11;
				GCC_DYNAMIC_NO_PIC = NO;
				GCC_NO_COMMON_BLOCKS = YES;
				GCC_OPTIMIZATION_LEVEL = 0;
				GCC_PREPROCESSOR_DEFINITIONS = (
					"DEBUG=1",
					"$(inherited)",
				);
				GCC_WARN_64_TO_32_BIT_CONVERSION = YES;
				GCC_WARN_ABOUT_RETURN_TYPE = YES_ERROR;
				GCC_WARN_UNDECLARED_SELECTOR = YES;
				GCC_WARN_UNINITIALIZED_AUTOS = YES_AGGRESSIVE;
				GCC_WARN_UNUSED_FUNCTION = YES;
				GCC_WARN_UNUSED_VARIABLE = YES;
				MTL_ENABLE_DEBUG_INFO = INCLUDE_SOURCE;
				MTL_FAST_MATH = YES;
				ONLY_ACTIVE_ARCH = YES;
				SWIFT_ACTIVE_COMPILATION_CONDITIONS = DEBUG;
				SWIFT_OPTIMIZATION_LEVEL = "-Onone";
			};
			name = Debug;
		};
		BF065B3F25E0FAFA0053E8B8 /* Release */ = {
			isa = XCBuildConfiguration;
			buildSettings = {
				ALWAYS_SEARCH_USER_PATHS = NO;
				CLANG_ANALYZER_NONNULL = YES;
				CLANG_ANALYZER_NUMBER_OBJECT_CONVERSION = YES_AGGRESSIVE;
				CLANG_CXX_LANGUAGE_STANDARD = "gnu++14";
				CLANG_CXX_LIBRARY = "libc++";
				CLANG_ENABLE_MODULES = YES;
				CLANG_ENABLE_OBJC_ARC = YES;
				CLANG_ENABLE_OBJC_WEAK = YES;
				CLANG_WARN_BLOCK_CAPTURE_AUTORELEASING = YES;
				CLANG_WARN_BOOL_CONVERSION = YES;
				CLANG_WARN_COMMA = YES;
				CLANG_WARN_CONSTANT_CONVERSION = YES;
				CLANG_WARN_DEPRECATED_OBJC_IMPLEMENTATIONS = YES;
				CLANG_WARN_DIRECT_OBJC_ISA_USAGE = YES_ERROR;
				CLANG_WARN_DOCUMENTATION_COMMENTS = YES;
				CLANG_WARN_EMPTY_BODY = YES;
				CLANG_WARN_ENUM_CONVERSION = YES;
				CLANG_WARN_INFINITE_RECURSION = YES;
				CLANG_WARN_INT_CONVERSION = YES;
				CLANG_WARN_NON_LITERAL_NULL_CONVERSION = YES;
				CLANG_WARN_OBJC_IMPLICIT_RETAIN_SELF = YES;
				CLANG_WARN_OBJC_LITERAL_CONVERSION = YES;
				CLANG_WARN_OBJC_ROOT_CLASS = YES_ERROR;
				CLANG_WARN_QUOTED_INCLUDE_IN_FRAMEWORK_HEADER = YES;
				CLANG_WARN_RANGE_LOOP_ANALYSIS = YES;
				CLANG_WARN_STRICT_PROTOTYPES = YES;
				CLANG_WARN_SUSPICIOUS_MOVE = YES;
				CLANG_WARN_UNGUARDED_AVAILABILITY = YES_AGGRESSIVE;
				CLANG_WARN_UNREACHABLE_CODE = YES;
				CLANG_WARN__DUPLICATE_METHOD_MATCH = YES;
				COPY_PHASE_STRIP = NO;
				DEBUG_INFORMATION_FORMAT = "dwarf-with-dsym";
				ENABLE_NS_ASSERTIONS = NO;
				ENABLE_STRICT_OBJC_MSGSEND = YES;
				GCC_C_LANGUAGE_STANDARD = gnu11;
				GCC_NO_COMMON_BLOCKS = YES;
				GCC_WARN_64_TO_32_BIT_CONVERSION = YES;
				GCC_WARN_ABOUT_RETURN_TYPE = YES_ERROR;
				GCC_WARN_UNDECLARED_SELECTOR = YES;
				GCC_WARN_UNINITIALIZED_AUTOS = YES_AGGRESSIVE;
				GCC_WARN_UNUSED_FUNCTION = YES;
				GCC_WARN_UNUSED_VARIABLE = YES;
				MTL_ENABLE_DEBUG_INFO = NO;
				MTL_FAST_MATH = YES;
				SWIFT_COMPILATION_MODE = wholemodule;
				SWIFT_OPTIMIZATION_LEVEL = "-O";
			};
			name = Release;
		};
		BF065B4125E0FAFA0053E8B8 /* Debug */ = {
			isa = XCBuildConfiguration;
			buildSettings = {
				ASSETCATALOG_COMPILER_APPICON_NAME = AppIcon;
				ASSETCATALOG_COMPILER_GLOBAL_ACCENT_COLOR_NAME = AccentColor;
				CODE_SIGN_STYLE = Automatic;
				DEVELOPMENT_TEAM = KC8N9BMQJY;
				ENABLE_PREVIEWS = YES;
				INFOPLIST_FILE = iOS/Info.plist;
				IPHONEOS_DEPLOYMENT_TARGET = 14.0;
				LD_RUNPATH_SEARCH_PATHS = (
					"$(inherited)",
					"@executable_path/Frameworks",
				);
				PRODUCT_BUNDLE_IDENTIFIER = "net.crazism.ViDRep-Sample";
				PRODUCT_NAME = "ViDRep-Sample";
				SDKROOT = iphoneos;
				SWIFT_VERSION = 5.0;
				TARGETED_DEVICE_FAMILY = "1,2";
			};
			name = Debug;
		};
		BF065B4225E0FAFA0053E8B8 /* Release */ = {
			isa = XCBuildConfiguration;
			buildSettings = {
				ASSETCATALOG_COMPILER_APPICON_NAME = AppIcon;
				ASSETCATALOG_COMPILER_GLOBAL_ACCENT_COLOR_NAME = AccentColor;
				CODE_SIGN_STYLE = Automatic;
				DEVELOPMENT_TEAM = KC8N9BMQJY;
				ENABLE_PREVIEWS = YES;
				INFOPLIST_FILE = iOS/Info.plist;
				IPHONEOS_DEPLOYMENT_TARGET = 14.0;
				LD_RUNPATH_SEARCH_PATHS = (
					"$(inherited)",
					"@executable_path/Frameworks",
				);
				PRODUCT_BUNDLE_IDENTIFIER = "net.crazism.ViDRep-Sample";
				PRODUCT_NAME = "ViDRep-Sample";
				SDKROOT = iphoneos;
				SWIFT_VERSION = 5.0;
				TARGETED_DEVICE_FAMILY = "1,2";
				VALIDATE_PRODUCT = YES;
			};
			name = Release;
		};
		BF065B4425E0FAFA0053E8B8 /* Debug */ = {
			isa = XCBuildConfiguration;
			buildSettings = {
				ASSETCATALOG_COMPILER_APPICON_NAME = AppIcon;
				ASSETCATALOG_COMPILER_GLOBAL_ACCENT_COLOR_NAME = AccentColor;
				CODE_SIGN_ENTITLEMENTS = macOS/macOS.entitlements;
				CODE_SIGN_STYLE = Automatic;
				COMBINE_HIDPI_IMAGES = YES;
				DEVELOPMENT_TEAM = KC8N9BMQJY;
				ENABLE_HARDENED_RUNTIME = YES;
				ENABLE_PREVIEWS = YES;
				INFOPLIST_FILE = macOS/Info.plist;
				LD_RUNPATH_SEARCH_PATHS = (
					"$(inherited)",
					"@executable_path/../Frameworks",
				);
				MACOSX_DEPLOYMENT_TARGET = 11.0;
				PRODUCT_BUNDLE_IDENTIFIER = "net.crazism.ViDRep-Sample";
				PRODUCT_NAME = "ViDRep-Sample";
				SDKROOT = macosx;
				SWIFT_VERSION = 5.0;
			};
			name = Debug;
		};
		BF065B4525E0FAFA0053E8B8 /* Release */ = {
			isa = XCBuildConfiguration;
			buildSettings = {
				ASSETCATALOG_COMPILER_APPICON_NAME = AppIcon;
				ASSETCATALOG_COMPILER_GLOBAL_ACCENT_COLOR_NAME = AccentColor;
				CODE_SIGN_ENTITLEMENTS = macOS/macOS.entitlements;
				CODE_SIGN_STYLE = Automatic;
				COMBINE_HIDPI_IMAGES = YES;
				DEVELOPMENT_TEAM = KC8N9BMQJY;
				ENABLE_HARDENED_RUNTIME = YES;
				ENABLE_PREVIEWS = YES;
				INFOPLIST_FILE = macOS/Info.plist;
				LD_RUNPATH_SEARCH_PATHS = (
					"$(inherited)",
					"@executable_path/../Frameworks",
				);
				MACOSX_DEPLOYMENT_TARGET = 11.0;
				PRODUCT_BUNDLE_IDENTIFIER = "net.crazism.ViDRep-Sample";
				PRODUCT_NAME = "ViDRep-Sample";
				SDKROOT = macosx;
				SWIFT_VERSION = 5.0;
			};
			name = Release;
		};
		BF065B4725E0FAFA0053E8B8 /* Debug */ = {
			isa = XCBuildConfiguration;
			buildSettings = {
				ALWAYS_EMBED_SWIFT_STANDARD_LIBRARIES = YES;
				CODE_SIGN_STYLE = Automatic;
				DEVELOPMENT_TEAM = KC8N9BMQJY;
				INFOPLIST_FILE = "Tests iOS/Info.plist";
				IPHONEOS_DEPLOYMENT_TARGET = 14.4;
				LD_RUNPATH_SEARCH_PATHS = (
					"$(inherited)",
					"@executable_path/Frameworks",
					"@loader_path/Frameworks",
				);
				PRODUCT_BUNDLE_IDENTIFIER = "net.crazism.Tests-iOS";
				PRODUCT_NAME = "$(TARGET_NAME)";
				SDKROOT = iphoneos;
				SWIFT_VERSION = 5.0;
				TARGETED_DEVICE_FAMILY = "1,2";
				TEST_TARGET_NAME = "ViDRep-Sample (iOS)";
			};
			name = Debug;
		};
		BF065B4825E0FAFA0053E8B8 /* Release */ = {
			isa = XCBuildConfiguration;
			buildSettings = {
				ALWAYS_EMBED_SWIFT_STANDARD_LIBRARIES = YES;
				CODE_SIGN_STYLE = Automatic;
				DEVELOPMENT_TEAM = KC8N9BMQJY;
				INFOPLIST_FILE = "Tests iOS/Info.plist";
				IPHONEOS_DEPLOYMENT_TARGET = 14.4;
				LD_RUNPATH_SEARCH_PATHS = (
					"$(inherited)",
					"@executable_path/Frameworks",
					"@loader_path/Frameworks",
				);
				PRODUCT_BUNDLE_IDENTIFIER = "net.crazism.Tests-iOS";
				PRODUCT_NAME = "$(TARGET_NAME)";
				SDKROOT = iphoneos;
				SWIFT_VERSION = 5.0;
				TARGETED_DEVICE_FAMILY = "1,2";
				TEST_TARGET_NAME = "ViDRep-Sample (iOS)";
				VALIDATE_PRODUCT = YES;
			};
			name = Release;
		};
		BF065B4A25E0FAFA0053E8B8 /* Debug */ = {
			isa = XCBuildConfiguration;
			buildSettings = {
				ALWAYS_EMBED_SWIFT_STANDARD_LIBRARIES = YES;
				CODE_SIGN_STYLE = Automatic;
				COMBINE_HIDPI_IMAGES = YES;
				DEVELOPMENT_TEAM = KC8N9BMQJY;
				INFOPLIST_FILE = "Tests macOS/Info.plist";
				LD_RUNPATH_SEARCH_PATHS = (
					"$(inherited)",
					"@executable_path/../Frameworks",
					"@loader_path/../Frameworks",
				);
				MACOSX_DEPLOYMENT_TARGET = 11.1;
				PRODUCT_BUNDLE_IDENTIFIER = "net.crazism.Tests-macOS";
				PRODUCT_NAME = "$(TARGET_NAME)";
				SDKROOT = macosx;
				SWIFT_VERSION = 5.0;
				TEST_TARGET_NAME = "ViDRep-Sample (macOS)";
			};
			name = Debug;
		};
		BF065B4B25E0FAFA0053E8B8 /* Release */ = {
			isa = XCBuildConfiguration;
			buildSettings = {
				ALWAYS_EMBED_SWIFT_STANDARD_LIBRARIES = YES;
				CODE_SIGN_STYLE = Automatic;
				COMBINE_HIDPI_IMAGES = YES;
				DEVELOPMENT_TEAM = KC8N9BMQJY;
				INFOPLIST_FILE = "Tests macOS/Info.plist";
				LD_RUNPATH_SEARCH_PATHS = (
					"$(inherited)",
					"@executable_path/../Frameworks",
					"@loader_path/../Frameworks",
				);
				MACOSX_DEPLOYMENT_TARGET = 11.1;
				PRODUCT_BUNDLE_IDENTIFIER = "net.crazism.Tests-macOS";
				PRODUCT_NAME = "$(TARGET_NAME)";
				SDKROOT = macosx;
				SWIFT_VERSION = 5.0;
				TEST_TARGET_NAME = "ViDRep-Sample (macOS)";
			};
			name = Release;
		};
/* End XCBuildConfiguration section */

/* Begin XCConfigurationList section */
		BF065B0D25E0FAF70053E8B8 /* Build configuration list for PBXProject "ViDRep-Sample" */ = {
			isa = XCConfigurationList;
			buildConfigurations = (
				BF065B3E25E0FAFA0053E8B8 /* Debug */,
				BF065B3F25E0FAFA0053E8B8 /* Release */,
			);
			defaultConfigurationIsVisible = 0;
			defaultConfigurationName = Release;
		};
		BF065B4025E0FAFA0053E8B8 /* Build configuration list for PBXNativeTarget "ViDRep-Sample (iOS)" */ = {
			isa = XCConfigurationList;
			buildConfigurations = (
				BF065B4125E0FAFA0053E8B8 /* Debug */,
				BF065B4225E0FAFA0053E8B8 /* Release */,
			);
			defaultConfigurationIsVisible = 0;
			defaultConfigurationName = Release;
		};
		BF065B4325E0FAFA0053E8B8 /* Build configuration list for PBXNativeTarget "ViDRep-Sample (macOS)" */ = {
			isa = XCConfigurationList;
			buildConfigurations = (
				BF065B4425E0FAFA0053E8B8 /* Debug */,
				BF065B4525E0FAFA0053E8B8 /* Release */,
			);
			defaultConfigurationIsVisible = 0;
			defaultConfigurationName = Release;
		};
		BF065B4625E0FAFA0053E8B8 /* Build configuration list for PBXNativeTarget "Tests iOS" */ = {
			isa = XCConfigurationList;
			buildConfigurations = (
				BF065B4725E0FAFA0053E8B8 /* Debug */,
				BF065B4825E0FAFA0053E8B8 /* Release */,
			);
			defaultConfigurationIsVisible = 0;
			defaultConfigurationName = Release;
		};
		BF065B4925E0FAFA0053E8B8 /* Build configuration list for PBXNativeTarget "Tests macOS" */ = {
			isa = XCConfigurationList;
			buildConfigurations = (
				BF065B4A25E0FAFA0053E8B8 /* Debug */,
				BF065B4B25E0FAFA0053E8B8 /* Release */,
			);
			defaultConfigurationIsVisible = 0;
			defaultConfigurationName = Release;
		};
/* End XCConfigurationList section */
	};
	rootObject = BF065B0A25E0FAF70053E8B8 /* Project object */;
}
